// !$*UTF8*$!
{
	archiveVersion = 1;
	classes = {
	};
	objectVersion = 56;
	objects = {

/* Begin PBXBuildFile section */
		4F5455AF0202B35C732A815B /* Pods_GistList.framework in Frameworks */ = {isa = PBXBuildFile; fileRef = 80E4CC9E4526CE88F722E070 /* Pods_GistList.framework */; };
		732EA8B22C035FA300BCCF21 /* UIImage+Extension.swift in Sources */ = {isa = PBXBuildFile; fileRef = 732EA8B12C035FA300BCCF21 /* UIImage+Extension.swift */; };
		732EA8B42C03696700BCCF21 /* Spaces.swift in Sources */ = {isa = PBXBuildFile; fileRef = 732EA8B32C03696700BCCF21 /* Spaces.swift */; };
		732EA8B62C03698300BCCF21 /* GistCellModel.swift in Sources */ = {isa = PBXBuildFile; fileRef = 732EA8B52C03698300BCCF21 /* GistCellModel.swift */; };
		732EA8B92C036C6100BCCF21 /* FooterView.swift in Sources */ = {isa = PBXBuildFile; fileRef = 732EA8B82C036C6100BCCF21 /* FooterView.swift */; };
		7398427D2C0347EF00535F99 /* GistModelFixture.swift in Sources */ = {isa = PBXBuildFile; fileRef = 7398427C2C0347EE00535F99 /* GistModelFixture.swift */; };
		73FFCD502C0306FD000D494E /* GistListViewsTests.swift in Sources */ = {isa = PBXBuildFile; fileRef = 73FFCD4F2C0306FD000D494E /* GistListViewsTests.swift */; };
		73FFCD512C0306FD000D494E /* GistList.h in Headers */ = {isa = PBXBuildFile; fileRef = 73FFCD452C0306FC000D494E /* GistList.h */; settings = {ATTRIBUTES = (Public, ); }; };
		73FFCD602C031466000D494E /* GistFileModel.swift in Sources */ = {isa = PBXBuildFile; fileRef = 73FFCD5D2C031466000D494E /* GistFileModel.swift */; };
		73FFCD612C031466000D494E /* GistModel.swift in Sources */ = {isa = PBXBuildFile; fileRef = 73FFCD5E2C031466000D494E /* GistModel.swift */; };
		73FFCD622C031466000D494E /* GistOwnerModel.swift in Sources */ = {isa = PBXBuildFile; fileRef = 73FFCD5F2C031466000D494E /* GistOwnerModel.swift */; };
		73FFCD762C031476000D494E /* GistCell.swift in Sources */ = {isa = PBXBuildFile; fileRef = 73FFCD692C031476000D494E /* GistCell.swift */; };
		73FFCD772C031476000D494E /* TableViewDataSource.swift in Sources */ = {isa = PBXBuildFile; fileRef = 73FFCD6A2C031476000D494E /* TableViewDataSource.swift */; };
		73FFCD782C031476000D494E /* GistListPresenter.swift in Sources */ = {isa = PBXBuildFile; fileRef = 73FFCD6B2C031476000D494E /* GistListPresenter.swift */; };
		73FFCD792C031476000D494E /* GistListInteractor.swift in Sources */ = {isa = PBXBuildFile; fileRef = 73FFCD6C2C031476000D494E /* GistListInteractor.swift */; };
		73FFCD7A2C031476000D494E /* GistListService.swift in Sources */ = {isa = PBXBuildFile; fileRef = 73FFCD6D2C031476000D494E /* GistListService.swift */; };
		73FFCD7B2C031476000D494E /* GistListFactory.swift in Sources */ = {isa = PBXBuildFile; fileRef = 73FFCD6E2C031476000D494E /* GistListFactory.swift */; };
		73FFCD7C2C031476000D494E /* GistListCoordinator.swift in Sources */ = {isa = PBXBuildFile; fileRef = 73FFCD6F2C031476000D494E /* GistListCoordinator.swift */; };
		73FFCD7D2C031476000D494E /* GistListViewController.swift in Sources */ = {isa = PBXBuildFile; fileRef = 73FFCD702C031476000D494E /* GistListViewController.swift */; };
		73FFCD7E2C031476000D494E /* GistDetailsFactory.swift in Sources */ = {isa = PBXBuildFile; fileRef = 73FFCD722C031476000D494E /* GistDetailsFactory.swift */; };
		73FFCD7F2C031476000D494E /* GistDetailsViewController.swift in Sources */ = {isa = PBXBuildFile; fileRef = 73FFCD732C031476000D494E /* GistDetailsViewController.swift */; };
		73FFCD802C031476000D494E /* GistDetailsInteractor.swift in Sources */ = {isa = PBXBuildFile; fileRef = 73FFCD742C031476000D494E /* GistDetailsInteractor.swift */; };
		73FFCD812C031476000D494E /* GistDetailsPresenter.swift in Sources */ = {isa = PBXBuildFile; fileRef = 73FFCD752C031476000D494E /* GistDetailsPresenter.swift */; };
		73FFCD822C0314B1000D494E /* NetworkError.swift in Sources */ = {isa = PBXBuildFile; fileRef = 73FFCD642C03146A000D494E /* NetworkError.swift */; };
		73FFCD832C0314B5000D494E /* RequestProperties.swift in Sources */ = {isa = PBXBuildFile; fileRef = 73FFCD652C03146A000D494E /* RequestProperties.swift */; };
		73FFCD842C0315DD000D494E /* GistList.framework in Frameworks */ = {isa = PBXBuildFile; fileRef = 73FFCD422C0306FC000D494E /* GistList.framework */; };
		73FFCD852C0315DD000D494E /* GistList.framework in Embed Frameworks */ = {isa = PBXBuildFile; fileRef = 73FFCD422C0306FC000D494E /* GistList.framework */; settings = {ATTRIBUTES = (CodeSignOnCopy, RemoveHeadersOnCopy, ); }; };
		73FFCD962C0338B6000D494E /* GistListViewControllerTests.swift in Sources */ = {isa = PBXBuildFile; fileRef = 73FFCD8B2C0338B5000D494E /* GistListViewControllerTests.swift */; };
		73FFCD972C0338B6000D494E /* GistListPresenterTests.swift in Sources */ = {isa = PBXBuildFile; fileRef = 73FFCD8C2C0338B5000D494E /* GistListPresenterTests.swift */; };
		73FFCD982C0338B6000D494E /* GistListCoordinatorTests.swift in Sources */ = {isa = PBXBuildFile; fileRef = 73FFCD8D2C0338B5000D494E /* GistListCoordinatorTests.swift */; };
		73FFCD992C0338B6000D494E /* GistListServiceTests.swift in Sources */ = {isa = PBXBuildFile; fileRef = 73FFCD8E2C0338B5000D494E /* GistListServiceTests.swift */; };
		73FFCD9A2C0338B6000D494E /* GistListFactoryTests.swift in Sources */ = {isa = PBXBuildFile; fileRef = 73FFCD8F2C0338B5000D494E /* GistListFactoryTests.swift */; };
		73FFCD9B2C0338B6000D494E /* GistListInteractorTests.swift in Sources */ = {isa = PBXBuildFile; fileRef = 73FFCD902C0338B5000D494E /* GistListInteractorTests.swift */; };
		73FFCD9C2C0338B6000D494E /* GistDetailsFactoryTests.swift in Sources */ = {isa = PBXBuildFile; fileRef = 73FFCD922C0338B5000D494E /* GistDetailsFactoryTests.swift */; };
		73FFCD9D2C0338B6000D494E /* GistDetailsInteractorTests.swift in Sources */ = {isa = PBXBuildFile; fileRef = 73FFCD932C0338B5000D494E /* GistDetailsInteractorTests.swift */; };
		73FFCD9E2C0338B6000D494E /* GistDetailsPresenterTests.swift in Sources */ = {isa = PBXBuildFile; fileRef = 73FFCD942C0338B5000D494E /* GistDetailsPresenterTests.swift */; };
		73FFCD9F2C0338B6000D494E /* GistDetailsViewControllerTests.swift in Sources */ = {isa = PBXBuildFile; fileRef = 73FFCD952C0338B5000D494E /* GistDetailsViewControllerTests.swift */; };
/* End PBXBuildFile section */

/* Begin PBXContainerItemProxy section */
		73FFCD862C0315DE000D494E /* PBXContainerItemProxy */ = {
			isa = PBXContainerItemProxy;
			containerPortal = 73FFCD392C0306FC000D494E /* Project object */;
			proxyType = 1;
			remoteGlobalIDString = 73FFCD412C0306FC000D494E;
			remoteInfo = GistList;
		};
/* End PBXContainerItemProxy section */

/* Begin PBXCopyFilesBuildPhase section */
		73FFCD882C0315DE000D494E /* Embed Frameworks */ = {
			isa = PBXCopyFilesBuildPhase;
			buildActionMask = 2147483647;
			dstPath = "";
			dstSubfolderSpec = 10;
			files = (
				73FFCD852C0315DD000D494E /* GistList.framework in Embed Frameworks */,
			);
			name = "Embed Frameworks";
			runOnlyForDeploymentPostprocessing = 0;
		};
/* End PBXCopyFilesBuildPhase section */

/* Begin PBXFileReference section */
		43860BB484588BBE40D6E809 /* Pods-GistList.release.xcconfig */ = {isa = PBXFileReference; includeInIndex = 1; lastKnownFileType = text.xcconfig; name = "Pods-GistList.release.xcconfig"; path = "Target Support Files/Pods-GistList/Pods-GistList.release.xcconfig"; sourceTree = "<group>"; };
		4C35E0F77E940ED9D95156E6 /* Pods-GistList.debug.xcconfig */ = {isa = PBXFileReference; includeInIndex = 1; lastKnownFileType = text.xcconfig; name = "Pods-GistList.debug.xcconfig"; path = "Target Support Files/Pods-GistList/Pods-GistList.debug.xcconfig"; sourceTree = "<group>"; };
		732EA8B12C035FA300BCCF21 /* UIImage+Extension.swift */ = {isa = PBXFileReference; lastKnownFileType = sourcecode.swift; path = "UIImage+Extension.swift"; sourceTree = "<group>"; };
		732EA8B32C03696700BCCF21 /* Spaces.swift */ = {isa = PBXFileReference; lastKnownFileType = sourcecode.swift; path = Spaces.swift; sourceTree = "<group>"; };
		732EA8B52C03698300BCCF21 /* GistCellModel.swift */ = {isa = PBXFileReference; lastKnownFileType = sourcecode.swift; path = GistCellModel.swift; sourceTree = "<group>"; };
		732EA8B82C036C6100BCCF21 /* FooterView.swift */ = {isa = PBXFileReference; lastKnownFileType = sourcecode.swift; path = FooterView.swift; sourceTree = "<group>"; };
		7398427C2C0347EE00535F99 /* GistModelFixture.swift */ = {isa = PBXFileReference; lastKnownFileType = sourcecode.swift; path = GistModelFixture.swift; sourceTree = "<group>"; };
		73FFCD422C0306FC000D494E /* GistList.framework */ = {isa = PBXFileReference; explicitFileType = wrapper.framework; includeInIndex = 0; path = GistList.framework; sourceTree = BUILT_PRODUCTS_DIR; };
		73FFCD452C0306FC000D494E /* GistList.h */ = {isa = PBXFileReference; lastKnownFileType = sourcecode.c.h; path = GistList.h; sourceTree = "<group>"; };
		73FFCD4A2C0306FD000D494E /* GistListTests.xctest */ = {isa = PBXFileReference; explicitFileType = wrapper.cfbundle; includeInIndex = 0; path = GistListTests.xctest; sourceTree = BUILT_PRODUCTS_DIR; };
		73FFCD4F2C0306FD000D494E /* GistListViewsTests.swift */ = {isa = PBXFileReference; lastKnownFileType = sourcecode.swift; path = GistListViewsTests.swift; sourceTree = "<group>"; };
		73FFCD5D2C031466000D494E /* GistFileModel.swift */ = {isa = PBXFileReference; fileEncoding = 4; lastKnownFileType = sourcecode.swift; path = GistFileModel.swift; sourceTree = "<group>"; };
		73FFCD5E2C031466000D494E /* GistModel.swift */ = {isa = PBXFileReference; fileEncoding = 4; lastKnownFileType = sourcecode.swift; path = GistModel.swift; sourceTree = "<group>"; };
		73FFCD5F2C031466000D494E /* GistOwnerModel.swift */ = {isa = PBXFileReference; fileEncoding = 4; lastKnownFileType = sourcecode.swift; path = GistOwnerModel.swift; sourceTree = "<group>"; };
		73FFCD642C03146A000D494E /* NetworkError.swift */ = {isa = PBXFileReference; lastKnownFileType = sourcecode.swift; path = NetworkError.swift; sourceTree = "<group>"; };
		73FFCD652C03146A000D494E /* RequestProperties.swift */ = {isa = PBXFileReference; lastKnownFileType = sourcecode.swift; path = RequestProperties.swift; sourceTree = "<group>"; };
		73FFCD692C031476000D494E /* GistCell.swift */ = {isa = PBXFileReference; fileEncoding = 4; lastKnownFileType = sourcecode.swift; path = GistCell.swift; sourceTree = "<group>"; };
		73FFCD6A2C031476000D494E /* TableViewDataSource.swift */ = {isa = PBXFileReference; fileEncoding = 4; lastKnownFileType = sourcecode.swift; path = TableViewDataSource.swift; sourceTree = "<group>"; };
		73FFCD6B2C031476000D494E /* GistListPresenter.swift */ = {isa = PBXFileReference; fileEncoding = 4; lastKnownFileType = sourcecode.swift; path = GistListPresenter.swift; sourceTree = "<group>"; };
		73FFCD6C2C031476000D494E /* GistListInteractor.swift */ = {isa = PBXFileReference; fileEncoding = 4; lastKnownFileType = sourcecode.swift; path = GistListInteractor.swift; sourceTree = "<group>"; };
		73FFCD6D2C031476000D494E /* GistListService.swift */ = {isa = PBXFileReference; fileEncoding = 4; lastKnownFileType = sourcecode.swift; path = GistListService.swift; sourceTree = "<group>"; };
		73FFCD6E2C031476000D494E /* GistListFactory.swift */ = {isa = PBXFileReference; fileEncoding = 4; lastKnownFileType = sourcecode.swift; path = GistListFactory.swift; sourceTree = "<group>"; };
		73FFCD6F2C031476000D494E /* GistListCoordinator.swift */ = {isa = PBXFileReference; fileEncoding = 4; lastKnownFileType = sourcecode.swift; path = GistListCoordinator.swift; sourceTree = "<group>"; };
		73FFCD702C031476000D494E /* GistListViewController.swift */ = {isa = PBXFileReference; fileEncoding = 4; lastKnownFileType = sourcecode.swift; path = GistListViewController.swift; sourceTree = "<group>"; };
		73FFCD722C031476000D494E /* GistDetailsFactory.swift */ = {isa = PBXFileReference; fileEncoding = 4; lastKnownFileType = sourcecode.swift; path = GistDetailsFactory.swift; sourceTree = "<group>"; };
		73FFCD732C031476000D494E /* GistDetailsViewController.swift */ = {isa = PBXFileReference; fileEncoding = 4; lastKnownFileType = sourcecode.swift; path = GistDetailsViewController.swift; sourceTree = "<group>"; };
		73FFCD742C031476000D494E /* GistDetailsInteractor.swift */ = {isa = PBXFileReference; fileEncoding = 4; lastKnownFileType = sourcecode.swift; path = GistDetailsInteractor.swift; sourceTree = "<group>"; };
		73FFCD752C031476000D494E /* GistDetailsPresenter.swift */ = {isa = PBXFileReference; fileEncoding = 4; lastKnownFileType = sourcecode.swift; path = GistDetailsPresenter.swift; sourceTree = "<group>"; };
		73FFCD8B2C0338B5000D494E /* GistListViewControllerTests.swift */ = {isa = PBXFileReference; fileEncoding = 4; lastKnownFileType = sourcecode.swift; path = GistListViewControllerTests.swift; sourceTree = "<group>"; };
		73FFCD8C2C0338B5000D494E /* GistListPresenterTests.swift */ = {isa = PBXFileReference; fileEncoding = 4; lastKnownFileType = sourcecode.swift; path = GistListPresenterTests.swift; sourceTree = "<group>"; };
		73FFCD8D2C0338B5000D494E /* GistListCoordinatorTests.swift */ = {isa = PBXFileReference; fileEncoding = 4; lastKnownFileType = sourcecode.swift; path = GistListCoordinatorTests.swift; sourceTree = "<group>"; };
		73FFCD8E2C0338B5000D494E /* GistListServiceTests.swift */ = {isa = PBXFileReference; fileEncoding = 4; lastKnownFileType = sourcecode.swift; path = GistListServiceTests.swift; sourceTree = "<group>"; };
		73FFCD8F2C0338B5000D494E /* GistListFactoryTests.swift */ = {isa = PBXFileReference; fileEncoding = 4; lastKnownFileType = sourcecode.swift; path = GistListFactoryTests.swift; sourceTree = "<group>"; };
		73FFCD902C0338B5000D494E /* GistListInteractorTests.swift */ = {isa = PBXFileReference; fileEncoding = 4; lastKnownFileType = sourcecode.swift; path = GistListInteractorTests.swift; sourceTree = "<group>"; };
		73FFCD922C0338B5000D494E /* GistDetailsFactoryTests.swift */ = {isa = PBXFileReference; fileEncoding = 4; lastKnownFileType = sourcecode.swift; path = GistDetailsFactoryTests.swift; sourceTree = "<group>"; };
		73FFCD932C0338B5000D494E /* GistDetailsInteractorTests.swift */ = {isa = PBXFileReference; fileEncoding = 4; lastKnownFileType = sourcecode.swift; path = GistDetailsInteractorTests.swift; sourceTree = "<group>"; };
		73FFCD942C0338B5000D494E /* GistDetailsPresenterTests.swift */ = {isa = PBXFileReference; fileEncoding = 4; lastKnownFileType = sourcecode.swift; path = GistDetailsPresenterTests.swift; sourceTree = "<group>"; };
		73FFCD952C0338B5000D494E /* GistDetailsViewControllerTests.swift */ = {isa = PBXFileReference; fileEncoding = 4; lastKnownFileType = sourcecode.swift; path = GistDetailsViewControllerTests.swift; sourceTree = "<group>"; };
		80E4CC9E4526CE88F722E070 /* Pods_GistList.framework */ = {isa = PBXFileReference; explicitFileType = wrapper.framework; includeInIndex = 0; path = Pods_GistList.framework; sourceTree = BUILT_PRODUCTS_DIR; };
/* End PBXFileReference section */

/* Begin PBXFrameworksBuildPhase section */
		73FFCD3F2C0306FC000D494E /* Frameworks */ = {
			isa = PBXFrameworksBuildPhase;
			buildActionMask = 2147483647;
			files = (
				4F5455AF0202B35C732A815B /* Pods_GistList.framework in Frameworks */,
			);
			runOnlyForDeploymentPostprocessing = 0;
		};
		73FFCD472C0306FD000D494E /* Frameworks */ = {
			isa = PBXFrameworksBuildPhase;
			buildActionMask = 2147483647;
			files = (
				73FFCD842C0315DD000D494E /* GistList.framework in Frameworks */,
			);
			runOnlyForDeploymentPostprocessing = 0;
		};
/* End PBXFrameworksBuildPhase section */

/* Begin PBXGroup section */
		1848D35A208D088229485C66 /* Pods */ = {
			isa = PBXGroup;
			children = (
				4C35E0F77E940ED9D95156E6 /* Pods-GistList.debug.xcconfig */,
				43860BB484588BBE40D6E809 /* Pods-GistList.release.xcconfig */,
			);
			name = Pods;
			path = ../../Pods;
			sourceTree = "<group>";
		};
		732EA8B72C036C4F00BCCF21 /* FooterView */ = {
			isa = PBXGroup;
			children = (
				732EA8B82C036C6100BCCF21 /* FooterView.swift */,
			);
			path = FooterView;
			sourceTree = "<group>";
		};
		7398427B2C0347D000535F99 /* Fixtures */ = {
			isa = PBXGroup;
			children = (
				7398427C2C0347EE00535F99 /* GistModelFixture.swift */,
			);
			path = Fixtures;
			sourceTree = "<group>";
		};
		73FFCD382C0306FC000D494E = {
			isa = PBXGroup;
			children = (
				73FFCD442C0306FC000D494E /* GistList */,
				73FFCD4E2C0306FD000D494E /* GistListTests */,
				73FFCD432C0306FC000D494E /* Products */,
				1848D35A208D088229485C66 /* Pods */,
				C87C7BA24408BBF93FED13F9 /* Frameworks */,
			);
			sourceTree = "<group>";
		};
		73FFCD432C0306FC000D494E /* Products */ = {
			isa = PBXGroup;
			children = (
				73FFCD422C0306FC000D494E /* GistList.framework */,
				73FFCD4A2C0306FD000D494E /* GistListTests.xctest */,
			);
			name = Products;
			sourceTree = "<group>";
		};
		73FFCD442C0306FC000D494E /* GistList */ = {
			isa = PBXGroup;
			children = (
				73FFCD452C0306FC000D494E /* GistList.h */,
				73FFCD632C03146A000D494E /* Commons */,
				73FFCD5C2C031466000D494E /* Models */,
				73FFCD662C031476000D494E /* Scenes */,
			);
			path = GistList;
			sourceTree = "<group>";
		};
		73FFCD4E2C0306FD000D494E /* GistListTests */ = {
			isa = PBXGroup;
			children = (
				7398427B2C0347D000535F99 /* Fixtures */,
				73FFCD892C0338B5000D494E /* Scenes */,
			);
			path = GistListTests;
			sourceTree = "<group>";
		};
		73FFCD5C2C031466000D494E /* Models */ = {
			isa = PBXGroup;
			children = (
				73FFCD5D2C031466000D494E /* GistFileModel.swift */,
				73FFCD5E2C031466000D494E /* GistModel.swift */,
				73FFCD5F2C031466000D494E /* GistOwnerModel.swift */,
				732EA8B52C03698300BCCF21 /* GistCellModel.swift */,
			);
			path = Models;
			sourceTree = "<group>";
		};
		73FFCD632C03146A000D494E /* Commons */ = {
			isa = PBXGroup;
			children = (
				73FFCD642C03146A000D494E /* NetworkError.swift */,
				73FFCD652C03146A000D494E /* RequestProperties.swift */,
				732EA8B12C035FA300BCCF21 /* UIImage+Extension.swift */,
				732EA8B32C03696700BCCF21 /* Spaces.swift */,
			);
			path = Commons;
			sourceTree = "<group>";
		};
		73FFCD662C031476000D494E /* Scenes */ = {
			isa = PBXGroup;
			children = (
				73FFCD672C031476000D494E /* GistList */,
				73FFCD712C031476000D494E /* GistDetails */,
			);
			path = Scenes;
			sourceTree = "<group>";
		};
		73FFCD672C031476000D494E /* GistList */ = {
			isa = PBXGroup;
			children = (
				732EA8B72C036C4F00BCCF21 /* FooterView */,
				73FFCD682C031476000D494E /* TableView */,
				73FFCD6B2C031476000D494E /* GistListPresenter.swift */,
				73FFCD6C2C031476000D494E /* GistListInteractor.swift */,
				73FFCD6D2C031476000D494E /* GistListService.swift */,
				73FFCD6E2C031476000D494E /* GistListFactory.swift */,
				73FFCD6F2C031476000D494E /* GistListCoordinator.swift */,
				73FFCD702C031476000D494E /* GistListViewController.swift */,
			);
			path = GistList;
			sourceTree = "<group>";
		};
		73FFCD682C031476000D494E /* TableView */ = {
			isa = PBXGroup;
			children = (
				73FFCD692C031476000D494E /* GistCell.swift */,
				73FFCD6A2C031476000D494E /* TableViewDataSource.swift */,
			);
			path = TableView;
			sourceTree = "<group>";
		};
		73FFCD712C031476000D494E /* GistDetails */ = {
			isa = PBXGroup;
			children = (
				73FFCD722C031476000D494E /* GistDetailsFactory.swift */,
				73FFCD732C031476000D494E /* GistDetailsViewController.swift */,
				73FFCD742C031476000D494E /* GistDetailsInteractor.swift */,
				73FFCD752C031476000D494E /* GistDetailsPresenter.swift */,
			);
			path = GistDetails;
			sourceTree = "<group>";
		};
		73FFCD892C0338B5000D494E /* Scenes */ = {
			isa = PBXGroup;
			children = (
				73FFCD8A2C0338B5000D494E /* GistList */,
				73FFCD912C0338B5000D494E /* GistDetails */,
			);
			path = Scenes;
			sourceTree = "<group>";
		};
		73FFCD8A2C0338B5000D494E /* GistList */ = {
			isa = PBXGroup;
			children = (
				73FFCD8B2C0338B5000D494E /* GistListViewControllerTests.swift */,
				73FFCD8C2C0338B5000D494E /* GistListPresenterTests.swift */,
				73FFCD8D2C0338B5000D494E /* GistListCoordinatorTests.swift */,
				73FFCD8E2C0338B5000D494E /* GistListServiceTests.swift */,
				73FFCD8F2C0338B5000D494E /* GistListFactoryTests.swift */,
				73FFCD902C0338B5000D494E /* GistListInteractorTests.swift */,
				73FFCD4F2C0306FD000D494E /* GistListViewsTests.swift */,
			);
			path = GistList;
			sourceTree = "<group>";
		};
		73FFCD912C0338B5000D494E /* GistDetails */ = {
			isa = PBXGroup;
			children = (
				73FFCD922C0338B5000D494E /* GistDetailsFactoryTests.swift */,
				73FFCD932C0338B5000D494E /* GistDetailsInteractorTests.swift */,
				73FFCD942C0338B5000D494E /* GistDetailsPresenterTests.swift */,
				73FFCD952C0338B5000D494E /* GistDetailsViewControllerTests.swift */,
			);
			path = GistDetails;
			sourceTree = "<group>";
		};
		C87C7BA24408BBF93FED13F9 /* Frameworks */ = {
			isa = PBXGroup;
			children = (
				80E4CC9E4526CE88F722E070 /* Pods_GistList.framework */,
			);
			name = Frameworks;
			sourceTree = "<group>";
		};
/* End PBXGroup section */

/* Begin PBXHeadersBuildPhase section */
		73FFCD3D2C0306FC000D494E /* Headers */ = {
			isa = PBXHeadersBuildPhase;
			buildActionMask = 2147483647;
			files = (
				73FFCD512C0306FD000D494E /* GistList.h in Headers */,
			);
			runOnlyForDeploymentPostprocessing = 0;
		};
/* End PBXHeadersBuildPhase section */

/* Begin PBXNativeTarget section */
		73FFCD412C0306FC000D494E /* GistList */ = {
			isa = PBXNativeTarget;
			buildConfigurationList = 73FFCD542C0306FD000D494E /* Build configuration list for PBXNativeTarget "GistList" */;
			buildPhases = (
				97B78A66F3AD826515038E2D /* [CP] Check Pods Manifest.lock */,
				73FFCD3D2C0306FC000D494E /* Headers */,
				73FFCD3E2C0306FC000D494E /* Sources */,
				73FFCD3F2C0306FC000D494E /* Frameworks */,
				73FFCD402C0306FC000D494E /* Resources */,
			);
			buildRules = (
			);
			dependencies = (
			);
			name = GistList;
			productName = GistList;
			productReference = 73FFCD422C0306FC000D494E /* GistList.framework */;
			productType = "com.apple.product-type.framework";
		};
		73FFCD492C0306FD000D494E /* GistListTests */ = {
			isa = PBXNativeTarget;
			buildConfigurationList = 73FFCD572C0306FD000D494E /* Build configuration list for PBXNativeTarget "GistListTests" */;
			buildPhases = (
				73FFCD462C0306FD000D494E /* Sources */,
				73FFCD472C0306FD000D494E /* Frameworks */,
				73FFCD482C0306FD000D494E /* Resources */,
				73FFCD882C0315DE000D494E /* Embed Frameworks */,
			);
			buildRules = (
			);
			dependencies = (
				73FFCD872C0315DE000D494E /* PBXTargetDependency */,
			);
			name = GistListTests;
			productName = GistListTests;
			productReference = 73FFCD4A2C0306FD000D494E /* GistListTests.xctest */;
			productType = "com.apple.product-type.bundle.unit-test";
		};
/* End PBXNativeTarget section */

/* Begin PBXProject section */
		73FFCD392C0306FC000D494E /* Project object */ = {
			isa = PBXProject;
			attributes = {
				BuildIndependentTargetsInParallel = 1;
				LastSwiftUpdateCheck = 1500;
				LastUpgradeCheck = 1500;
				TargetAttributes = {
					73FFCD412C0306FC000D494E = {
						CreatedOnToolsVersion = 15.0;
					};
					73FFCD492C0306FD000D494E = {
						CreatedOnToolsVersion = 15.0;
					};
				};
			};
			buildConfigurationList = 73FFCD3C2C0306FC000D494E /* Build configuration list for PBXProject "GistList" */;
			compatibilityVersion = "Xcode 14.0";
			developmentRegion = en;
			hasScannedForEncodings = 0;
			knownRegions = (
				en,
				Base,
			);
			mainGroup = 73FFCD382C0306FC000D494E;
			productRefGroup = 73FFCD432C0306FC000D494E /* Products */;
			projectDirPath = "";
			projectRoot = "";
			targets = (
				73FFCD412C0306FC000D494E /* GistList */,
				73FFCD492C0306FD000D494E /* GistListTests */,
			);
		};
/* End PBXProject section */

/* Begin PBXResourcesBuildPhase section */
		73FFCD402C0306FC000D494E /* Resources */ = {
			isa = PBXResourcesBuildPhase;
			buildActionMask = 2147483647;
			files = (
			);
			runOnlyForDeploymentPostprocessing = 0;
		};
		73FFCD482C0306FD000D494E /* Resources */ = {
			isa = PBXResourcesBuildPhase;
			buildActionMask = 2147483647;
			files = (
			);
			runOnlyForDeploymentPostprocessing = 0;
		};
/* End PBXResourcesBuildPhase section */

/* Begin PBXShellScriptBuildPhase section */
		97B78A66F3AD826515038E2D /* [CP] Check Pods Manifest.lock */ = {
			isa = PBXShellScriptBuildPhase;
			buildActionMask = 2147483647;
			files = (
			);
			inputFileListPaths = (
			);
			inputPaths = (
				"${PODS_PODFILE_DIR_PATH}/Podfile.lock",
				"${PODS_ROOT}/Manifest.lock",
			);
			name = "[CP] Check Pods Manifest.lock";
			outputFileListPaths = (
			);
			outputPaths = (
				"$(DERIVED_FILE_DIR)/Pods-GistList-checkManifestLockResult.txt",
			);
			runOnlyForDeploymentPostprocessing = 0;
			shellPath = /bin/sh;
			shellScript = "diff \"${PODS_PODFILE_DIR_PATH}/Podfile.lock\" \"${PODS_ROOT}/Manifest.lock\" > /dev/null\nif [ $? != 0 ] ; then\n    # print error to STDERR\n    echo \"error: The sandbox is not in sync with the Podfile.lock. Run 'pod install' or update your CocoaPods installation.\" >&2\n    exit 1\nfi\n# This output is used by Xcode 'outputs' to avoid re-running this script phase.\necho \"SUCCESS\" > \"${SCRIPT_OUTPUT_FILE_0}\"\n";
			showEnvVarsInLog = 0;
		};
/* End PBXShellScriptBuildPhase section */

/* Begin PBXSourcesBuildPhase section */
		73FFCD3E2C0306FC000D494E /* Sources */ = {
			isa = PBXSourcesBuildPhase;
			buildActionMask = 2147483647;
			files = (
				73FFCD822C0314B1000D494E /* NetworkError.swift in Sources */,
				732EA8B42C03696700BCCF21 /* Spaces.swift in Sources */,
				732EA8B62C03698300BCCF21 /* GistCellModel.swift in Sources */,
				73FFCD7A2C031476000D494E /* GistListService.swift in Sources */,
				73FFCD772C031476000D494E /* TableViewDataSource.swift in Sources */,
				732EA8B22C035FA300BCCF21 /* UIImage+Extension.swift in Sources */,
				73FFCD7C2C031476000D494E /* GistListCoordinator.swift in Sources */,
				73FFCD792C031476000D494E /* GistListInteractor.swift in Sources */,
				73FFCD762C031476000D494E /* GistCell.swift in Sources */,
				73FFCD802C031476000D494E /* GistDetailsInteractor.swift in Sources */,
				73FFCD7E2C031476000D494E /* GistDetailsFactory.swift in Sources */,
				73FFCD7F2C031476000D494E /* GistDetailsViewController.swift in Sources */,
				73FFCD7D2C031476000D494E /* GistListViewController.swift in Sources */,
				73FFCD612C031466000D494E /* GistModel.swift in Sources */,
				73FFCD812C031476000D494E /* GistDetailsPresenter.swift in Sources */,
				732EA8B92C036C6100BCCF21 /* FooterView.swift in Sources */,
				73FFCD832C0314B5000D494E /* RequestProperties.swift in Sources */,
				73FFCD602C031466000D494E /* GistFileModel.swift in Sources */,
				73FFCD622C031466000D494E /* GistOwnerModel.swift in Sources */,
				73FFCD7B2C031476000D494E /* GistListFactory.swift in Sources */,
				73FFCD782C031476000D494E /* GistListPresenter.swift in Sources */,
			);
			runOnlyForDeploymentPostprocessing = 0;
		};
		73FFCD462C0306FD000D494E /* Sources */ = {
			isa = PBXSourcesBuildPhase;
			buildActionMask = 2147483647;
			files = (
				73FFCD9E2C0338B6000D494E /* GistDetailsPresenterTests.swift in Sources */,
				73FFCD9C2C0338B6000D494E /* GistDetailsFactoryTests.swift in Sources */,
				73FFCD9B2C0338B6000D494E /* GistListInteractorTests.swift in Sources */,
				73FFCD9F2C0338B6000D494E /* GistDetailsViewControllerTests.swift in Sources */,
				7398427D2C0347EF00535F99 /* GistModelFixture.swift in Sources */,
				73FFCD9D2C0338B6000D494E /* GistDetailsInteractorTests.swift in Sources */,
				73FFCD972C0338B6000D494E /* GistListPresenterTests.swift in Sources */,
				73FFCD502C0306FD000D494E /* GistListViewsTests.swift in Sources */,
				73FFCD962C0338B6000D494E /* GistListViewControllerTests.swift in Sources */,
				73FFCD9A2C0338B6000D494E /* GistListFactoryTests.swift in Sources */,
				73FFCD982C0338B6000D494E /* GistListCoordinatorTests.swift in Sources */,
				73FFCD992C0338B6000D494E /* GistListServiceTests.swift in Sources */,
			);
			runOnlyForDeploymentPostprocessing = 0;
		};
/* End PBXSourcesBuildPhase section */

/* Begin PBXTargetDependency section */
		73FFCD872C0315DE000D494E /* PBXTargetDependency */ = {
			isa = PBXTargetDependency;
			target = 73FFCD412C0306FC000D494E /* GistList */;
			targetProxy = 73FFCD862C0315DE000D494E /* PBXContainerItemProxy */;
		};
/* End PBXTargetDependency section */

/* Begin XCBuildConfiguration section */
		73FFCD522C0306FD000D494E /* Debug */ = {
			isa = XCBuildConfiguration;
			buildSettings = {
				ALWAYS_SEARCH_USER_PATHS = NO;
				ASSETCATALOG_COMPILER_GENERATE_SWIFT_ASSET_SYMBOL_EXTENSIONS = YES;
				CLANG_ANALYZER_NONNULL = YES;
				CLANG_ANALYZER_NUMBER_OBJECT_CONVERSION = YES_AGGRESSIVE;
				CLANG_CXX_LANGUAGE_STANDARD = "gnu++20";
				CLANG_ENABLE_MODULES = YES;
				CLANG_ENABLE_OBJC_ARC = YES;
				CLANG_ENABLE_OBJC_WEAK = YES;
				CLANG_WARN_BLOCK_CAPTURE_AUTORELEASING = YES;
				CLANG_WARN_BOOL_CONVERSION = YES;
				CLANG_WARN_COMMA = YES;
				CLANG_WARN_CONSTANT_CONVERSION = YES;
				CLANG_WARN_DEPRECATED_OBJC_IMPLEMENTATIONS = YES;
				CLANG_WARN_DIRECT_OBJC_ISA_USAGE = YES_ERROR;
				CLANG_WARN_DOCUMENTATION_COMMENTS = YES;
				CLANG_WARN_EMPTY_BODY = YES;
				CLANG_WARN_ENUM_CONVERSION = YES;
				CLANG_WARN_INFINITE_RECURSION = YES;
				CLANG_WARN_INT_CONVERSION = YES;
				CLANG_WARN_NON_LITERAL_NULL_CONVERSION = YES;
				CLANG_WARN_OBJC_IMPLICIT_RETAIN_SELF = YES;
				CLANG_WARN_OBJC_LITERAL_CONVERSION = YES;
				CLANG_WARN_OBJC_ROOT_CLASS = YES_ERROR;
				CLANG_WARN_QUOTED_INCLUDE_IN_FRAMEWORK_HEADER = YES;
				CLANG_WARN_RANGE_LOOP_ANALYSIS = YES;
				CLANG_WARN_STRICT_PROTOTYPES = YES;
				CLANG_WARN_SUSPICIOUS_MOVE = YES;
				CLANG_WARN_UNGUARDED_AVAILABILITY = YES_AGGRESSIVE;
				CLANG_WARN_UNREACHABLE_CODE = YES;
				CLANG_WARN__DUPLICATE_METHOD_MATCH = YES;
				COPY_PHASE_STRIP = NO;
				CURRENT_PROJECT_VERSION = 1;
				DEBUG_INFORMATION_FORMAT = dwarf;
				ENABLE_STRICT_OBJC_MSGSEND = YES;
				ENABLE_TESTABILITY = YES;
				ENABLE_USER_SCRIPT_SANDBOXING = YES;
				GCC_C_LANGUAGE_STANDARD = gnu17;
				GCC_DYNAMIC_NO_PIC = NO;
				GCC_NO_COMMON_BLOCKS = YES;
				GCC_OPTIMIZATION_LEVEL = 0;
				GCC_PREPROCESSOR_DEFINITIONS = (
					"DEBUG=1",
					"$(inherited)",
				);
				GCC_WARN_64_TO_32_BIT_CONVERSION = YES;
				GCC_WARN_ABOUT_RETURN_TYPE = YES_ERROR;
				GCC_WARN_UNDECLARED_SELECTOR = YES;
				GCC_WARN_UNINITIALIZED_AUTOS = YES_AGGRESSIVE;
				GCC_WARN_UNUSED_FUNCTION = YES;
				GCC_WARN_UNUSED_VARIABLE = YES;
				IPHONEOS_DEPLOYMENT_TARGET = 16.0;
				LOCALIZATION_PREFERS_STRING_CATALOGS = YES;
				MTL_ENABLE_DEBUG_INFO = INCLUDE_SOURCE;
				MTL_FAST_MATH = YES;
				ONLY_ACTIVE_ARCH = YES;
				SDKROOT = iphoneos;
				SWIFT_ACTIVE_COMPILATION_CONDITIONS = "DEBUG $(inherited)";
				SWIFT_OPTIMIZATION_LEVEL = "-Onone";
				VERSIONING_SYSTEM = "apple-generic";
				VERSION_INFO_PREFIX = "";
			};
			name = Debug;
		};
		73FFCD532C0306FD000D494E /* Release */ = {
			isa = XCBuildConfiguration;
			buildSettings = {
				ALWAYS_SEARCH_USER_PATHS = NO;
				ASSETCATALOG_COMPILER_GENERATE_SWIFT_ASSET_SYMBOL_EXTENSIONS = YES;
				CLANG_ANALYZER_NONNULL = YES;
				CLANG_ANALYZER_NUMBER_OBJECT_CONVERSION = YES_AGGRESSIVE;
				CLANG_CXX_LANGUAGE_STANDARD = "gnu++20";
				CLANG_ENABLE_MODULES = YES;
				CLANG_ENABLE_OBJC_ARC = YES;
				CLANG_ENABLE_OBJC_WEAK = YES;
				CLANG_WARN_BLOCK_CAPTURE_AUTORELEASING = YES;
				CLANG_WARN_BOOL_CONVERSION = YES;
				CLANG_WARN_COMMA = YES;
				CLANG_WARN_CONSTANT_CONVERSION = YES;
				CLANG_WARN_DEPRECATED_OBJC_IMPLEMENTATIONS = YES;
				CLANG_WARN_DIRECT_OBJC_ISA_USAGE = YES_ERROR;
				CLANG_WARN_DOCUMENTATION_COMMENTS = YES;
				CLANG_WARN_EMPTY_BODY = YES;
				CLANG_WARN_ENUM_CONVERSION = YES;
				CLANG_WARN_INFINITE_RECURSION = YES;
				CLANG_WARN_INT_CONVERSION = YES;
				CLANG_WARN_NON_LITERAL_NULL_CONVERSION = YES;
				CLANG_WARN_OBJC_IMPLICIT_RETAIN_SELF = YES;
				CLANG_WARN_OBJC_LITERAL_CONVERSION = YES;
				CLANG_WARN_OBJC_ROOT_CLASS = YES_ERROR;
				CLANG_WARN_QUOTED_INCLUDE_IN_FRAMEWORK_HEADER = YES;
				CLANG_WARN_RANGE_LOOP_ANALYSIS = YES;
				CLANG_WARN_STRICT_PROTOTYPES = YES;
				CLANG_WARN_SUSPICIOUS_MOVE = YES;
				CLANG_WARN_UNGUARDED_AVAILABILITY = YES_AGGRESSIVE;
				CLANG_WARN_UNREACHABLE_CODE = YES;
				CLANG_WARN__DUPLICATE_METHOD_MATCH = YES;
				COPY_PHASE_STRIP = NO;
				CURRENT_PROJECT_VERSION = 1;
				DEBUG_INFORMATION_FORMAT = "dwarf-with-dsym";
				ENABLE_NS_ASSERTIONS = NO;
				ENABLE_STRICT_OBJC_MSGSEND = YES;
				ENABLE_USER_SCRIPT_SANDBOXING = YES;
				GCC_C_LANGUAGE_STANDARD = gnu17;
				GCC_NO_COMMON_BLOCKS = YES;
				GCC_WARN_64_TO_32_BIT_CONVERSION = YES;
				GCC_WARN_ABOUT_RETURN_TYPE = YES_ERROR;
				GCC_WARN_UNDECLARED_SELECTOR = YES;
				GCC_WARN_UNINITIALIZED_AUTOS = YES_AGGRESSIVE;
				GCC_WARN_UNUSED_FUNCTION = YES;
				GCC_WARN_UNUSED_VARIABLE = YES;
				IPHONEOS_DEPLOYMENT_TARGET = 16.0;
				LOCALIZATION_PREFERS_STRING_CATALOGS = YES;
				MTL_ENABLE_DEBUG_INFO = NO;
				MTL_FAST_MATH = YES;
				SDKROOT = iphoneos;
				SWIFT_COMPILATION_MODE = wholemodule;
				VALIDATE_PRODUCT = YES;
				VERSIONING_SYSTEM = "apple-generic";
				VERSION_INFO_PREFIX = "";
			};
			name = Release;
		};
		73FFCD552C0306FD000D494E /* Debug */ = {
			isa = XCBuildConfiguration;
			baseConfigurationReference = 4C35E0F77E940ED9D95156E6 /* Pods-GistList.debug.xcconfig */;
			buildSettings = {
				CODE_SIGN_STYLE = Automatic;
				CURRENT_PROJECT_VERSION = 1;
				DEFINES_MODULE = YES;
				DEVELOPMENT_TEAM = NZC6LC8NWM;
				DYLIB_COMPATIBILITY_VERSION = 1;
				DYLIB_CURRENT_VERSION = 1;
				DYLIB_INSTALL_NAME_BASE = "@rpath";
				ENABLE_MODULE_VERIFIER = YES;
				GENERATE_INFOPLIST_FILE = YES;
				INFOPLIST_KEY_NSHumanReadableCopyright = "";
				INSTALL_PATH = "$(LOCAL_LIBRARY_DIR)/Frameworks";
				IPHONEOS_DEPLOYMENT_TARGET = 16.0;
				LD_RUNPATH_SEARCH_PATHS = (
					"$(inherited)",
					"@executable_path/Frameworks",
					"@loader_path/Frameworks",
				);
				MARKETING_VERSION = 1.0;
				MODULE_VERIFIER_SUPPORTED_LANGUAGES = "objective-c objective-c++";
				MODULE_VERIFIER_SUPPORTED_LANGUAGE_STANDARDS = "gnu17 gnu++20";
				PRODUCT_BUNDLE_IDENTIFIER = com.joaoflores.GistList;
				PRODUCT_NAME = "$(TARGET_NAME:c99extidentifier)";
				SKIP_INSTALL = YES;
				SWIFT_EMIT_LOC_STRINGS = YES;
				SWIFT_VERSION = 5.0;
				TARGETED_DEVICE_FAMILY = "1,2";
			};
			name = Debug;
		};
		73FFCD562C0306FD000D494E /* Release */ = {
			isa = XCBuildConfiguration;
			baseConfigurationReference = 43860BB484588BBE40D6E809 /* Pods-GistList.release.xcconfig */;
			buildSettings = {
				CODE_SIGN_STYLE = Automatic;
				CURRENT_PROJECT_VERSION = 1;
				DEFINES_MODULE = YES;
				DEVELOPMENT_TEAM = NZC6LC8NWM;
				DYLIB_COMPATIBILITY_VERSION = 1;
				DYLIB_CURRENT_VERSION = 1;
				DYLIB_INSTALL_NAME_BASE = "@rpath";
				ENABLE_MODULE_VERIFIER = YES;
				GENERATE_INFOPLIST_FILE = YES;
				INFOPLIST_KEY_NSHumanReadableCopyright = "";
				INSTALL_PATH = "$(LOCAL_LIBRARY_DIR)/Frameworks";
				IPHONEOS_DEPLOYMENT_TARGET = 16.0;
				LD_RUNPATH_SEARCH_PATHS = (
					"$(inherited)",
					"@executable_path/Frameworks",
					"@loader_path/Frameworks",
				);
				MARKETING_VERSION = 1.0;
				MODULE_VERIFIER_SUPPORTED_LANGUAGES = "objective-c objective-c++";
				MODULE_VERIFIER_SUPPORTED_LANGUAGE_STANDARDS = "gnu17 gnu++20";
				PRODUCT_BUNDLE_IDENTIFIER = com.joaoflores.GistList;
				PRODUCT_NAME = "$(TARGET_NAME:c99extidentifier)";
				SKIP_INSTALL = YES;
				SWIFT_EMIT_LOC_STRINGS = YES;
				SWIFT_VERSION = 5.0;
				TARGETED_DEVICE_FAMILY = "1,2";
			};
			name = Release;
		};
		73FFCD582C0306FD000D494E /* Debug */ = {
			isa = XCBuildConfiguration;
			buildSettings = {
				CODE_SIGN_STYLE = Automatic;
				CURRENT_PROJECT_VERSION = 1;
				DEVELOPMENT_TEAM = NZC6LC8NWM;
				FRAMEWORK_SEARCH_PATHS = (
					"$(inherited)",
					"$(PROJECT_DIR)/Build/Products/Debug-iphonesimulator",
				);
				GENERATE_INFOPLIST_FILE = YES;
				IPHONEOS_DEPLOYMENT_TARGET = 16.0;
				MARKETING_VERSION = 1.0;
				PRODUCT_BUNDLE_IDENTIFIER = com.joaoflores.GistListTests;
				PRODUCT_NAME = "$(TARGET_NAME)";
				SWIFT_EMIT_LOC_STRINGS = NO;
				SWIFT_VERSION = 5.0;
				SYMROOT = "$(PROJECT_DIR)/build/$(CONFIGURATION)";
				TARGETED_DEVICE_FAMILY = "1,2";
				TEST_HOST = "$(BUILT_PRODUCTS_DIR)/GistApp.app/GistApp";
			};
			name = Debug;
		};
		73FFCD592C0306FD000D494E /* Release */ = {
			isa = XCBuildConfiguration;
			buildSettings = {
				CODE_SIGN_STYLE = Automatic;
				CURRENT_PROJECT_VERSION = 1;
				DEVELOPMENT_TEAM = NZC6LC8NWM;
				FRAMEWORK_SEARCH_PATHS = (
					"$(inherited)",
					"$(PROJECT_DIR)/Build/Products/Debug-iphonesimulator",
				);
				GENERATE_INFOPLIST_FILE = YES;
				IPHONEOS_DEPLOYMENT_TARGET = 16.0;
				LD_MAP_FILE_PATH = "$(TARGET_TEMP_DIR)/$(PRODUCT_NAME)-LinkMap-$(CURRENT_VARIANT)-$(CURRENT_ARCH).txt";
				MARKETING_VERSION = 1.0;
				PRODUCT_BUNDLE_IDENTIFIER = com.joaoflores.GistListTests;
				PRODUCT_NAME = "$(TARGET_NAME)";
				SWIFT_EMIT_LOC_STRINGS = NO;
				SWIFT_VERSION = 5.0;
				SYMROOT = "$(PROJECT_DIR)/build/$(CONFIGURATION)";
				TARGETED_DEVICE_FAMILY = "1,2";
				TEST_HOST = "$(BUILT_PRODUCTS_DIR)/GistApp.app/GistApp";
			};
			name = Release;
		};
/* End XCBuildConfiguration section */

/* Begin XCConfigurationList section */
		73FFCD3C2C0306FC000D494E /* Build configuration list for PBXProject "GistList" */ = {
			isa = XCConfigurationList;
			buildConfigurations = (
				73FFCD522C0306FD000D494E /* Debug */,
				73FFCD532C0306FD000D494E /* Release */,
			);
			defaultConfigurationIsVisible = 0;
			defaultConfigurationName = Release;
		};
		73FFCD542C0306FD000D494E /* Build configuration list for PBXNativeTarget "GistList" */ = {
			isa = XCConfigurationList;
			buildConfigurations = (
				73FFCD552C0306FD000D494E /* Debug */,
				73FFCD562C0306FD000D494E /* Release */,
			);
			defaultConfigurationIsVisible = 0;
			defaultConfigurationName = Release;
		};
		73FFCD572C0306FD000D494E /* Build configuration list for PBXNativeTarget "GistListTests" */ = {
			isa = XCConfigurationList;
			buildConfigurations = (
				73FFCD582C0306FD000D494E /* Debug */,
				73FFCD592C0306FD000D494E /* Release */,
			);
			defaultConfigurationIsVisible = 0;
			defaultConfigurationName = Release;
		};
/* End XCConfigurationList section */
	};
	rootObject = 73FFCD392C0306FC000D494E /* Project object */;
}
