// !$*UTF8*$!
{
	archiveVersion = 1;
	classes = {
	};
	objectVersion = 56;
	objects = {

/* Begin PBXBuildFile section */
		73505C0F2C02D2B40062FC5F /* GistList.framework in Frameworks */ = {isa = PBXBuildFile; fileRef = 73505C062C02D2B30062FC5F /* GistList.framework */; };
		73505C142C02D2B40062FC5F /* GistListTests.swift in Sources */ = {isa = PBXBuildFile; fileRef = 73505C132C02D2B40062FC5F /* GistListTests.swift */; };
		73505C152C02D2B40062FC5F /* GistList.h in Headers */ = {isa = PBXBuildFile; fileRef = 73505C092C02D2B30062FC5F /* GistList.h */; settings = {ATTRIBUTES = (Public, ); }; };
		73505C252C02D30D0062FC5F /* NetworkError.swift in Sources */ = {isa = PBXBuildFile; fileRef = 73505C232C02D30D0062FC5F /* NetworkError.swift */; };
		73505C262C02D30D0062FC5F /* RequestProperties.swift in Sources */ = {isa = PBXBuildFile; fileRef = 73505C242C02D30D0062FC5F /* RequestProperties.swift */; };
		73505C272C02D3240062FC5F /* GistFileModel.swift in Sources */ = {isa = PBXBuildFile; fileRef = 73505C1F2C02D2E50062FC5F /* GistFileModel.swift */; };
		73505C282C02D3240062FC5F /* GistOwnerModel.swift in Sources */ = {isa = PBXBuildFile; fileRef = 73505C212C02D2E50062FC5F /* GistOwnerModel.swift */; };
		73505C292C02D3240062FC5F /* GistModel.swift in Sources */ = {isa = PBXBuildFile; fileRef = 73505C202C02D2E50062FC5F /* GistModel.swift */; };
		73505C3A2C02D3730062FC5F /* GistCell.swift in Sources */ = {isa = PBXBuildFile; fileRef = 73505C2D2C02D3730062FC5F /* GistCell.swift */; };
		73505C3B2C02D3730062FC5F /* TableViewDataSource.swift in Sources */ = {isa = PBXBuildFile; fileRef = 73505C2E2C02D3730062FC5F /* TableViewDataSource.swift */; };
		73505C3C2C02D3730062FC5F /* GistListPresenter.swift in Sources */ = {isa = PBXBuildFile; fileRef = 73505C2F2C02D3730062FC5F /* GistListPresenter.swift */; };
		73505C3D2C02D3730062FC5F /* GistListInteractor.swift in Sources */ = {isa = PBXBuildFile; fileRef = 73505C302C02D3730062FC5F /* GistListInteractor.swift */; };
		73505C3E2C02D3730062FC5F /* GistListService.swift in Sources */ = {isa = PBXBuildFile; fileRef = 73505C312C02D3730062FC5F /* GistListService.swift */; };
		73505C3F2C02D3730062FC5F /* GistListFactory.swift in Sources */ = {isa = PBXBuildFile; fileRef = 73505C322C02D3730062FC5F /* GistListFactory.swift */; };
		73505C402C02D3730062FC5F /* GistListCoordinator.swift in Sources */ = {isa = PBXBuildFile; fileRef = 73505C332C02D3730062FC5F /* GistListCoordinator.swift */; };
		73505C412C02D3730062FC5F /* GistListViewController.swift in Sources */ = {isa = PBXBuildFile; fileRef = 73505C342C02D3730062FC5F /* GistListViewController.swift */; };
		73505C422C02D3730062FC5F /* GistDetailsFactory.swift in Sources */ = {isa = PBXBuildFile; fileRef = 73505C362C02D3730062FC5F /* GistDetailsFactory.swift */; };
		73505C432C02D3730062FC5F /* GistDetailsViewController.swift in Sources */ = {isa = PBXBuildFile; fileRef = 73505C372C02D3730062FC5F /* GistDetailsViewController.swift */; };
		73505C442C02D3730062FC5F /* GistDetailsInteractor.swift in Sources */ = {isa = PBXBuildFile; fileRef = 73505C382C02D3730062FC5F /* GistDetailsInteractor.swift */; };
		73505C452C02D3730062FC5F /* GistDetailsPresenter.swift in Sources */ = {isa = PBXBuildFile; fileRef = 73505C392C02D3730062FC5F /* GistDetailsPresenter.swift */; };
		73505C472C02D4460062FC5F /* CoreApiInterface.framework in Frameworks */ = {isa = PBXBuildFile; fileRef = 73505C462C02D4460062FC5F /* CoreApiInterface.framework */; };
		73505C482C02D4460062FC5F /* CoreApiInterface.framework in Embed Frameworks */ = {isa = PBXBuildFile; fileRef = 73505C462C02D4460062FC5F /* CoreApiInterface.framework */; settings = {ATTRIBUTES = (CodeSignOnCopy, RemoveHeadersOnCopy, ); }; };
		B655E5AB8518F2509B17357E /* Pods_GistList.framework in Frameworks */ = {isa = PBXBuildFile; fileRef = 07DC3EA31C4B036D656F829D /* Pods_GistList.framework */; };
/* End PBXBuildFile section */

/* Begin PBXContainerItemProxy section */
		73505C102C02D2B40062FC5F /* PBXContainerItemProxy */ = {
			isa = PBXContainerItemProxy;
			containerPortal = 73505BFD2C02D2B30062FC5F /* Project object */;
			proxyType = 1;
			remoteGlobalIDString = 73505C052C02D2B30062FC5F;
			remoteInfo = GistList;
		};
/* End PBXContainerItemProxy section */

/* Begin PBXCopyFilesBuildPhase section */
		73505C492C02D4460062FC5F /* Embed Frameworks */ = {
			isa = PBXCopyFilesBuildPhase;
			buildActionMask = 2147483647;
			dstPath = "";
			dstSubfolderSpec = 10;
			files = (
				73505C482C02D4460062FC5F /* CoreApiInterface.framework in Embed Frameworks */,
			);
			name = "Embed Frameworks";
			runOnlyForDeploymentPostprocessing = 0;
		};
/* End PBXCopyFilesBuildPhase section */

/* Begin PBXFileReference section */
		07DC3EA31C4B036D656F829D /* Pods_GistList.framework */ = {isa = PBXFileReference; explicitFileType = wrapper.framework; includeInIndex = 0; path = Pods_GistList.framework; sourceTree = BUILT_PRODUCTS_DIR; };
		73505C062C02D2B30062FC5F /* GistList.framework */ = {isa = PBXFileReference; explicitFileType = wrapper.framework; includeInIndex = 0; path = GistList.framework; sourceTree = BUILT_PRODUCTS_DIR; };
		73505C092C02D2B30062FC5F /* GistList.h */ = {isa = PBXFileReference; lastKnownFileType = sourcecode.c.h; path = GistList.h; sourceTree = "<group>"; };
		73505C0E2C02D2B40062FC5F /* GistListTests.xctest */ = {isa = PBXFileReference; explicitFileType = wrapper.cfbundle; includeInIndex = 0; path = GistListTests.xctest; sourceTree = BUILT_PRODUCTS_DIR; };
		73505C132C02D2B40062FC5F /* GistListTests.swift */ = {isa = PBXFileReference; lastKnownFileType = sourcecode.swift; path = GistListTests.swift; sourceTree = "<group>"; };
		73505C1F2C02D2E50062FC5F /* GistFileModel.swift */ = {isa = PBXFileReference; lastKnownFileType = sourcecode.swift; path = GistFileModel.swift; sourceTree = "<group>"; };
		73505C202C02D2E50062FC5F /* GistModel.swift */ = {isa = PBXFileReference; lastKnownFileType = sourcecode.swift; path = GistModel.swift; sourceTree = "<group>"; };
		73505C212C02D2E50062FC5F /* GistOwnerModel.swift */ = {isa = PBXFileReference; lastKnownFileType = sourcecode.swift; path = GistOwnerModel.swift; sourceTree = "<group>"; };
		73505C232C02D30D0062FC5F /* NetworkError.swift */ = {isa = PBXFileReference; fileEncoding = 4; lastKnownFileType = sourcecode.swift; path = NetworkError.swift; sourceTree = "<group>"; };
		73505C242C02D30D0062FC5F /* RequestProperties.swift */ = {isa = PBXFileReference; fileEncoding = 4; lastKnownFileType = sourcecode.swift; path = RequestProperties.swift; sourceTree = "<group>"; };
		73505C2D2C02D3730062FC5F /* GistCell.swift */ = {isa = PBXFileReference; fileEncoding = 4; lastKnownFileType = sourcecode.swift; path = GistCell.swift; sourceTree = "<group>"; };
		73505C2E2C02D3730062FC5F /* TableViewDataSource.swift */ = {isa = PBXFileReference; fileEncoding = 4; lastKnownFileType = sourcecode.swift; path = TableViewDataSource.swift; sourceTree = "<group>"; };
		73505C2F2C02D3730062FC5F /* GistListPresenter.swift */ = {isa = PBXFileReference; fileEncoding = 4; lastKnownFileType = sourcecode.swift; path = GistListPresenter.swift; sourceTree = "<group>"; };
		73505C302C02D3730062FC5F /* GistListInteractor.swift */ = {isa = PBXFileReference; fileEncoding = 4; lastKnownFileType = sourcecode.swift; path = GistListInteractor.swift; sourceTree = "<group>"; };
		73505C312C02D3730062FC5F /* GistListService.swift */ = {isa = PBXFileReference; fileEncoding = 4; lastKnownFileType = sourcecode.swift; path = GistListService.swift; sourceTree = "<group>"; };
		73505C322C02D3730062FC5F /* GistListFactory.swift */ = {isa = PBXFileReference; fileEncoding = 4; lastKnownFileType = sourcecode.swift; path = GistListFactory.swift; sourceTree = "<group>"; };
		73505C332C02D3730062FC5F /* GistListCoordinator.swift */ = {isa = PBXFileReference; fileEncoding = 4; lastKnownFileType = sourcecode.swift; path = GistListCoordinator.swift; sourceTree = "<group>"; };
		73505C342C02D3730062FC5F /* GistListViewController.swift */ = {isa = PBXFileReference; fileEncoding = 4; lastKnownFileType = sourcecode.swift; path = GistListViewController.swift; sourceTree = "<group>"; };
		73505C362C02D3730062FC5F /* GistDetailsFactory.swift */ = {isa = PBXFileReference; fileEncoding = 4; lastKnownFileType = sourcecode.swift; path = GistDetailsFactory.swift; sourceTree = "<group>"; };
		73505C372C02D3730062FC5F /* GistDetailsViewController.swift */ = {isa = PBXFileReference; fileEncoding = 4; lastKnownFileType = sourcecode.swift; path = GistDetailsViewController.swift; sourceTree = "<group>"; };
		73505C382C02D3730062FC5F /* GistDetailsInteractor.swift */ = {isa = PBXFileReference; fileEncoding = 4; lastKnownFileType = sourcecode.swift; path = GistDetailsInteractor.swift; sourceTree = "<group>"; };
		73505C392C02D3730062FC5F /* GistDetailsPresenter.swift */ = {isa = PBXFileReference; fileEncoding = 4; lastKnownFileType = sourcecode.swift; path = GistDetailsPresenter.swift; sourceTree = "<group>"; };
		73505C462C02D4460062FC5F /* CoreApiInterface.framework */ = {isa = PBXFileReference; explicitFileType = wrapper.framework; path = CoreApiInterface.framework; sourceTree = BUILT_PRODUCTS_DIR; };
		73B4002C2C02D88600F26DBA /* SnapKit.framework */ = {isa = PBXFileReference; explicitFileType = wrapper.framework; path = SnapKit.framework; sourceTree = BUILT_PRODUCTS_DIR; };
		AF1DB9ACFD9C9854785EC7B0 /* Pods-GistList.debug.xcconfig */ = {isa = PBXFileReference; includeInIndex = 1; lastKnownFileType = text.xcconfig; name = "Pods-GistList.debug.xcconfig"; path = "Target Support Files/Pods-GistList/Pods-GistList.debug.xcconfig"; sourceTree = "<group>"; };
		DE7812288EAECAAA1D3B3FFD /* Pods-GistList.release.xcconfig */ = {isa = PBXFileReference; includeInIndex = 1; lastKnownFileType = text.xcconfig; name = "Pods-GistList.release.xcconfig"; path = "Target Support Files/Pods-GistList/Pods-GistList.release.xcconfig"; sourceTree = "<group>"; };
/* End PBXFileReference section */

/* Begin PBXFrameworksBuildPhase section */
		73505C032C02D2B30062FC5F /* Frameworks */ = {
			isa = PBXFrameworksBuildPhase;
			buildActionMask = 2147483647;
			files = (
				73505C472C02D4460062FC5F /* CoreApiInterface.framework in Frameworks */,
				B655E5AB8518F2509B17357E /* Pods_GistList.framework in Frameworks */,
			);
			runOnlyForDeploymentPostprocessing = 0;
		};
		73505C0B2C02D2B40062FC5F /* Frameworks */ = {
			isa = PBXFrameworksBuildPhase;
			buildActionMask = 2147483647;
			files = (
				73505C0F2C02D2B40062FC5F /* GistList.framework in Frameworks */,
			);
			runOnlyForDeploymentPostprocessing = 0;
		};
/* End PBXFrameworksBuildPhase section */

/* Begin PBXGroup section */
		00AB53453A4E97C2EDA5CEFA /* Frameworks */ = {
			isa = PBXGroup;
			children = (
				73B4002C2C02D88600F26DBA /* SnapKit.framework */,
				73505C462C02D4460062FC5F /* CoreApiInterface.framework */,
				07DC3EA31C4B036D656F829D /* Pods_GistList.framework */,
			);
			name = Frameworks;
			sourceTree = "<group>";
		};
		3EFD8ACDD1DC8D775AFCE4F5 /* Pods */ = {
			isa = PBXGroup;
			children = (
				AF1DB9ACFD9C9854785EC7B0 /* Pods-GistList.debug.xcconfig */,
				DE7812288EAECAAA1D3B3FFD /* Pods-GistList.release.xcconfig */,
			);
			name = Pods;
			path = ../../Pods;
			sourceTree = "<group>";
		};
		73505BFC2C02D2B30062FC5F = {
			isa = PBXGroup;
			children = (
				73505C082C02D2B30062FC5F /* GistList */,
				73505C122C02D2B40062FC5F /* GistListTests */,
				73505C072C02D2B30062FC5F /* Products */,
				3EFD8ACDD1DC8D775AFCE4F5 /* Pods */,
				00AB53453A4E97C2EDA5CEFA /* Frameworks */,
			);
			sourceTree = "<group>";
		};
		73505C072C02D2B30062FC5F /* Products */ = {
			isa = PBXGroup;
			children = (
				73505C062C02D2B30062FC5F /* GistList.framework */,
				73505C0E2C02D2B40062FC5F /* GistListTests.xctest */,
			);
			name = Products;
			sourceTree = "<group>";
		};
		73505C082C02D2B30062FC5F /* GistList */ = {
			isa = PBXGroup;
			children = (
				73505C092C02D2B30062FC5F /* GistList.h */,
				73505C222C02D30D0062FC5F /* Commons */,
				73505C1E2C02D2E50062FC5F /* Models */,
				73505C2A2C02D3730062FC5F /* Scenes */,
			);
			path = GistList;
			sourceTree = "<group>";
		};
		73505C122C02D2B40062FC5F /* GistListTests */ = {
			isa = PBXGroup;
			children = (
				73505C132C02D2B40062FC5F /* GistListTests.swift */,
			);
			path = GistListTests;
			sourceTree = "<group>";
		};
		73505C1E2C02D2E50062FC5F /* Models */ = {
			isa = PBXGroup;
			children = (
				73505C1F2C02D2E50062FC5F /* GistFileModel.swift */,
				73505C202C02D2E50062FC5F /* GistModel.swift */,
				73505C212C02D2E50062FC5F /* GistOwnerModel.swift */,
			);
			path = Models;
			sourceTree = "<group>";
		};
		73505C222C02D30D0062FC5F /* Commons */ = {
			isa = PBXGroup;
			children = (
				73505C232C02D30D0062FC5F /* NetworkError.swift */,
				73505C242C02D30D0062FC5F /* RequestProperties.swift */,
			);
			path = Commons;
			sourceTree = "<group>";
		};
		73505C2A2C02D3730062FC5F /* Scenes */ = {
			isa = PBXGroup;
			children = (
				73505C2B2C02D3730062FC5F /* GistList */,
				73505C352C02D3730062FC5F /* GistDetails */,
			);
			path = Scenes;
			sourceTree = "<group>";
		};
		73505C2B2C02D3730062FC5F /* GistList */ = {
			isa = PBXGroup;
			children = (
				73505C2C2C02D3730062FC5F /* TableView */,
				73505C2F2C02D3730062FC5F /* GistListPresenter.swift */,
				73505C302C02D3730062FC5F /* GistListInteractor.swift */,
				73505C312C02D3730062FC5F /* GistListService.swift */,
				73505C322C02D3730062FC5F /* GistListFactory.swift */,
				73505C332C02D3730062FC5F /* GistListCoordinator.swift */,
				73505C342C02D3730062FC5F /* GistListViewController.swift */,
			);
			path = GistList;
			sourceTree = "<group>";
		};
		73505C2C2C02D3730062FC5F /* TableView */ = {
			isa = PBXGroup;
			children = (
				73505C2D2C02D3730062FC5F /* GistCell.swift */,
				73505C2E2C02D3730062FC5F /* TableViewDataSource.swift */,
			);
			path = TableView;
			sourceTree = "<group>";
		};
		73505C352C02D3730062FC5F /* GistDetails */ = {
			isa = PBXGroup;
			children = (
				73505C362C02D3730062FC5F /* GistDetailsFactory.swift */,
				73505C372C02D3730062FC5F /* GistDetailsViewController.swift */,
				73505C382C02D3730062FC5F /* GistDetailsInteractor.swift */,
				73505C392C02D3730062FC5F /* GistDetailsPresenter.swift */,
			);
			path = GistDetails;
			sourceTree = "<group>";
		};
/* End PBXGroup section */

/* Begin PBXHeadersBuildPhase section */
		73505C012C02D2B30062FC5F /* Headers */ = {
			isa = PBXHeadersBuildPhase;
			buildActionMask = 2147483647;
			files = (
				73505C152C02D2B40062FC5F /* GistList.h in Headers */,
			);
			runOnlyForDeploymentPostprocessing = 0;
		};
/* End PBXHeadersBuildPhase section */

/* Begin PBXNativeTarget section */
		73505C052C02D2B30062FC5F /* GistList */ = {
			isa = PBXNativeTarget;
			buildConfigurationList = 73505C182C02D2B40062FC5F /* Build configuration list for PBXNativeTarget "GistList" */;
			buildPhases = (
				6EA1AB41E894E859BE41A798 /* [CP] Check Pods Manifest.lock */,
				73505C012C02D2B30062FC5F /* Headers */,
				73505C022C02D2B30062FC5F /* Sources */,
				73505C032C02D2B30062FC5F /* Frameworks */,
				73505C042C02D2B30062FC5F /* Resources */,
				73505C492C02D4460062FC5F /* Embed Frameworks */,
			);
			buildRules = (
			);
			dependencies = (
			);
			name = GistList;
			productName = GistList;
			productReference = 73505C062C02D2B30062FC5F /* GistList.framework */;
			productType = "com.apple.product-type.framework";
		};
		73505C0D2C02D2B40062FC5F /* GistListTests */ = {
			isa = PBXNativeTarget;
			buildConfigurationList = 73505C1B2C02D2B40062FC5F /* Build configuration list for PBXNativeTarget "GistListTests" */;
			buildPhases = (
				73505C0A2C02D2B40062FC5F /* Sources */,
				73505C0B2C02D2B40062FC5F /* Frameworks */,
				73505C0C2C02D2B40062FC5F /* Resources */,
			);
			buildRules = (
			);
			dependencies = (
				73505C112C02D2B40062FC5F /* PBXTargetDependency */,
			);
			name = GistListTests;
			productName = GistListTests;
			productReference = 73505C0E2C02D2B40062FC5F /* GistListTests.xctest */;
			productType = "com.apple.product-type.bundle.unit-test";
		};
/* End PBXNativeTarget section */

/* Begin PBXProject section */
		73505BFD2C02D2B30062FC5F /* Project object */ = {
			isa = PBXProject;
			attributes = {
				BuildIndependentTargetsInParallel = 1;
				LastSwiftUpdateCheck = 1500;
				LastUpgradeCheck = 1500;
				TargetAttributes = {
					73505C052C02D2B30062FC5F = {
						CreatedOnToolsVersion = 15.0;
					};
					73505C0D2C02D2B40062FC5F = {
						CreatedOnToolsVersion = 15.0;
					};
				};
			};
			buildConfigurationList = 73505C002C02D2B30062FC5F /* Build configuration list for PBXProject "GistList" */;
			compatibilityVersion = "Xcode 14.0";
			developmentRegion = en;
			hasScannedForEncodings = 0;
			knownRegions = (
				en,
				Base,
			);
			mainGroup = 73505BFC2C02D2B30062FC5F;
			productRefGroup = 73505C072C02D2B30062FC5F /* Products */;
			projectDirPath = "";
			projectRoot = "";
			targets = (
				73505C052C02D2B30062FC5F /* GistList */,
				73505C0D2C02D2B40062FC5F /* GistListTests */,
			);
		};
/* End PBXProject section */

/* Begin PBXResourcesBuildPhase section */
		73505C042C02D2B30062FC5F /* Resources */ = {
			isa = PBXResourcesBuildPhase;
			buildActionMask = 2147483647;
			files = (
			);
			runOnlyForDeploymentPostprocessing = 0;
		};
		73505C0C2C02D2B40062FC5F /* Resources */ = {
			isa = PBXResourcesBuildPhase;
			buildActionMask = 2147483647;
			files = (
			);
			runOnlyForDeploymentPostprocessing = 0;
		};
/* End PBXResourcesBuildPhase section */

/* Begin PBXShellScriptBuildPhase section */
		6EA1AB41E894E859BE41A798 /* [CP] Check Pods Manifest.lock */ = {
			isa = PBXShellScriptBuildPhase;
			buildActionMask = 2147483647;
			files = (
			);
			inputFileListPaths = (
			);
			inputPaths = (
				"${PODS_PODFILE_DIR_PATH}/Podfile.lock",
				"${PODS_ROOT}/Manifest.lock",
			);
			name = "[CP] Check Pods Manifest.lock";
			outputFileListPaths = (
			);
			outputPaths = (
				"$(DERIVED_FILE_DIR)/Pods-GistList-checkManifestLockResult.txt",
			);
			runOnlyForDeploymentPostprocessing = 0;
			shellPath = /bin/sh;
			shellScript = "diff \"${PODS_PODFILE_DIR_PATH}/Podfile.lock\" \"${PODS_ROOT}/Manifest.lock\" > /dev/null\nif [ $? != 0 ] ; then\n    # print error to STDERR\n    echo \"error: The sandbox is not in sync with the Podfile.lock. Run 'pod install' or update your CocoaPods installation.\" >&2\n    exit 1\nfi\n# This output is used by Xcode 'outputs' to avoid re-running this script phase.\necho \"SUCCESS\" > \"${SCRIPT_OUTPUT_FILE_0}\"\n";
			showEnvVarsInLog = 0;
		};
/* End PBXShellScriptBuildPhase section */

/* Begin PBXSourcesBuildPhase section */
		73505C022C02D2B30062FC5F /* Sources */ = {
			isa = PBXSourcesBuildPhase;
			buildActionMask = 2147483647;
			files = (
				73505C272C02D3240062FC5F /* GistFileModel.swift in Sources */,
				73505C412C02D3730062FC5F /* GistListViewController.swift in Sources */,
				73505C262C02D30D0062FC5F /* RequestProperties.swift in Sources */,
				73505C432C02D3730062FC5F /* GistDetailsViewController.swift in Sources */,
				73505C3A2C02D3730062FC5F /* GistCell.swift in Sources */,
				73505C402C02D3730062FC5F /* GistListCoordinator.swift in Sources */,
				73505C282C02D3240062FC5F /* GistOwnerModel.swift in Sources */,
				73505C422C02D3730062FC5F /* GistDetailsFactory.swift in Sources */,
				73505C3F2C02D3730062FC5F /* GistListFactory.swift in Sources */,
				73505C252C02D30D0062FC5F /* NetworkError.swift in Sources */,
				73505C3D2C02D3730062FC5F /* GistListInteractor.swift in Sources */,
				73505C3E2C02D3730062FC5F /* GistListService.swift in Sources */,
				73505C3C2C02D3730062FC5F /* GistListPresenter.swift in Sources */,
				73505C452C02D3730062FC5F /* GistDetailsPresenter.swift in Sources */,
				73505C3B2C02D3730062FC5F /* TableViewDataSource.swift in Sources */,
				73505C442C02D3730062FC5F /* GistDetailsInteractor.swift in Sources */,
				73505C292C02D3240062FC5F /* GistModel.swift in Sources */,
			);
			runOnlyForDeploymentPostprocessing = 0;
		};
		73505C0A2C02D2B40062FC5F /* Sources */ = {
			isa = PBXSourcesBuildPhase;
			buildActionMask = 2147483647;
			files = (
				73505C142C02D2B40062FC5F /* GistListTests.swift in Sources */,
			);
			runOnlyForDeploymentPostprocessing = 0;
		};
/* End PBXSourcesBuildPhase section */

/* Begin PBXTargetDependency section */
		73505C112C02D2B40062FC5F /* PBXTargetDependency */ = {
			isa = PBXTargetDependency;
			target = 73505C052C02D2B30062FC5F /* GistList */;
			targetProxy = 73505C102C02D2B40062FC5F /* PBXContainerItemProxy */;
		};
/* End PBXTargetDependency section */

/* Begin XCBuildConfiguration section */
		73505C162C02D2B40062FC5F /* Debug */ = {
			isa = XCBuildConfiguration;
			buildSettings = {
				ALWAYS_SEARCH_USER_PATHS = NO;
				ASSETCATALOG_COMPILER_GENERATE_SWIFT_ASSET_SYMBOL_EXTENSIONS = YES;
				CLANG_ANALYZER_NONNULL = YES;
				CLANG_ANALYZER_NUMBER_OBJECT_CONVERSION = YES_AGGRESSIVE;
				CLANG_CXX_LANGUAGE_STANDARD = "gnu++20";
				CLANG_ENABLE_MODULES = YES;
				CLANG_ENABLE_OBJC_ARC = YES;
				CLANG_ENABLE_OBJC_WEAK = YES;
				CLANG_WARN_BLOCK_CAPTURE_AUTORELEASING = YES;
				CLANG_WARN_BOOL_CONVERSION = YES;
				CLANG_WARN_COMMA = YES;
				CLANG_WARN_CONSTANT_CONVERSION = YES;
				CLANG_WARN_DEPRECATED_OBJC_IMPLEMENTATIONS = YES;
				CLANG_WARN_DIRECT_OBJC_ISA_USAGE = YES_ERROR;
				CLANG_WARN_DOCUMENTATION_COMMENTS = YES;
				CLANG_WARN_EMPTY_BODY = YES;
				CLANG_WARN_ENUM_CONVERSION = YES;
				CLANG_WARN_INFINITE_RECURSION = YES;
				CLANG_WARN_INT_CONVERSION = YES;
				CLANG_WARN_NON_LITERAL_NULL_CONVERSION = YES;
				CLANG_WARN_OBJC_IMPLICIT_RETAIN_SELF = YES;
				CLANG_WARN_OBJC_LITERAL_CONVERSION = YES;
				CLANG_WARN_OBJC_ROOT_CLASS = YES_ERROR;
				CLANG_WARN_QUOTED_INCLUDE_IN_FRAMEWORK_HEADER = YES;
				CLANG_WARN_RANGE_LOOP_ANALYSIS = YES;
				CLANG_WARN_STRICT_PROTOTYPES = YES;
				CLANG_WARN_SUSPICIOUS_MOVE = YES;
				CLANG_WARN_UNGUARDED_AVAILABILITY = YES_AGGRESSIVE;
				CLANG_WARN_UNREACHABLE_CODE = YES;
				CLANG_WARN__DUPLICATE_METHOD_MATCH = YES;
				COPY_PHASE_STRIP = NO;
				CURRENT_PROJECT_VERSION = 1;
				DEBUG_INFORMATION_FORMAT = dwarf;
				ENABLE_STRICT_OBJC_MSGSEND = YES;
				ENABLE_TESTABILITY = YES;
				ENABLE_USER_SCRIPT_SANDBOXING = YES;
				GCC_C_LANGUAGE_STANDARD = gnu17;
				GCC_DYNAMIC_NO_PIC = NO;
				GCC_NO_COMMON_BLOCKS = YES;
				GCC_OPTIMIZATION_LEVEL = 0;
				GCC_PREPROCESSOR_DEFINITIONS = (
					"DEBUG=1",
					"$(inherited)",
				);
				GCC_WARN_64_TO_32_BIT_CONVERSION = YES;
				GCC_WARN_ABOUT_RETURN_TYPE = YES_ERROR;
				GCC_WARN_UNDECLARED_SELECTOR = YES;
				GCC_WARN_UNINITIALIZED_AUTOS = YES_AGGRESSIVE;
				GCC_WARN_UNUSED_FUNCTION = YES;
				GCC_WARN_UNUSED_VARIABLE = YES;
				IPHONEOS_DEPLOYMENT_TARGET = 17.0;
				LOCALIZATION_PREFERS_STRING_CATALOGS = YES;
				MTL_ENABLE_DEBUG_INFO = INCLUDE_SOURCE;
				MTL_FAST_MATH = YES;
				ONLY_ACTIVE_ARCH = YES;
				SDKROOT = iphoneos;
				SWIFT_ACTIVE_COMPILATION_CONDITIONS = "DEBUG $(inherited)";
				SWIFT_OPTIMIZATION_LEVEL = "-Onone";
				VERSIONING_SYSTEM = "apple-generic";
				VERSION_INFO_PREFIX = "";
			};
			name = Debug;
		};
		73505C172C02D2B40062FC5F /* Release */ = {
			isa = XCBuildConfiguration;
			buildSettings = {
				ALWAYS_SEARCH_USER_PATHS = NO;
				ASSETCATALOG_COMPILER_GENERATE_SWIFT_ASSET_SYMBOL_EXTENSIONS = YES;
				CLANG_ANALYZER_NONNULL = YES;
				CLANG_ANALYZER_NUMBER_OBJECT_CONVERSION = YES_AGGRESSIVE;
				CLANG_CXX_LANGUAGE_STANDARD = "gnu++20";
				CLANG_ENABLE_MODULES = YES;
				CLANG_ENABLE_OBJC_ARC = YES;
				CLANG_ENABLE_OBJC_WEAK = YES;
				CLANG_WARN_BLOCK_CAPTURE_AUTORELEASING = YES;
				CLANG_WARN_BOOL_CONVERSION = YES;
				CLANG_WARN_COMMA = YES;
				CLANG_WARN_CONSTANT_CONVERSION = YES;
				CLANG_WARN_DEPRECATED_OBJC_IMPLEMENTATIONS = YES;
				CLANG_WARN_DIRECT_OBJC_ISA_USAGE = YES_ERROR;
				CLANG_WARN_DOCUMENTATION_COMMENTS = YES;
				CLANG_WARN_EMPTY_BODY = YES;
				CLANG_WARN_ENUM_CONVERSION = YES;
				CLANG_WARN_INFINITE_RECURSION = YES;
				CLANG_WARN_INT_CONVERSION = YES;
				CLANG_WARN_NON_LITERAL_NULL_CONVERSION = YES;
				CLANG_WARN_OBJC_IMPLICIT_RETAIN_SELF = YES;
				CLANG_WARN_OBJC_LITERAL_CONVERSION = YES;
				CLANG_WARN_OBJC_ROOT_CLASS = YES_ERROR;
				CLANG_WARN_QUOTED_INCLUDE_IN_FRAMEWORK_HEADER = YES;
				CLANG_WARN_RANGE_LOOP_ANALYSIS = YES;
				CLANG_WARN_STRICT_PROTOTYPES = YES;
				CLANG_WARN_SUSPICIOUS_MOVE = YES;
				CLANG_WARN_UNGUARDED_AVAILABILITY = YES_AGGRESSIVE;
				CLANG_WARN_UNREACHABLE_CODE = YES;
				CLANG_WARN__DUPLICATE_METHOD_MATCH = YES;
				COPY_PHASE_STRIP = NO;
				CURRENT_PROJECT_VERSION = 1;
				DEBUG_INFORMATION_FORMAT = "dwarf-with-dsym";
				ENABLE_NS_ASSERTIONS = NO;
				ENABLE_STRICT_OBJC_MSGSEND = YES;
				ENABLE_USER_SCRIPT_SANDBOXING = YES;
				GCC_C_LANGUAGE_STANDARD = gnu17;
				GCC_NO_COMMON_BLOCKS = YES;
				GCC_WARN_64_TO_32_BIT_CONVERSION = YES;
				GCC_WARN_ABOUT_RETURN_TYPE = YES_ERROR;
				GCC_WARN_UNDECLARED_SELECTOR = YES;
				GCC_WARN_UNINITIALIZED_AUTOS = YES_AGGRESSIVE;
				GCC_WARN_UNUSED_FUNCTION = YES;
				GCC_WARN_UNUSED_VARIABLE = YES;
				IPHONEOS_DEPLOYMENT_TARGET = 17.0;
				LOCALIZATION_PREFERS_STRING_CATALOGS = YES;
				MTL_ENABLE_DEBUG_INFO = NO;
				MTL_FAST_MATH = YES;
				SDKROOT = iphoneos;
				SWIFT_COMPILATION_MODE = wholemodule;
				VALIDATE_PRODUCT = YES;
				VERSIONING_SYSTEM = "apple-generic";
				VERSION_INFO_PREFIX = "";
			};
			name = Release;
		};
		73505C192C02D2B40062FC5F /* Debug */ = {
			isa = XCBuildConfiguration;
			baseConfigurationReference = AF1DB9ACFD9C9854785EC7B0 /* Pods-GistList.debug.xcconfig */;
			buildSettings = {
				CODE_SIGN_STYLE = Automatic;
				CURRENT_PROJECT_VERSION = 1;
				DEFINES_MODULE = YES;
				DEVELOPMENT_TEAM = NZC6LC8NWM;
				DYLIB_COMPATIBILITY_VERSION = 1;
				DYLIB_CURRENT_VERSION = 1;
				DYLIB_INSTALL_NAME_BASE = "@rpath";
				ENABLE_MODULE_VERIFIER = YES;
				GENERATE_INFOPLIST_FILE = YES;
				INFOPLIST_KEY_NSHumanReadableCopyright = "";
				INSTALL_PATH = "$(LOCAL_LIBRARY_DIR)/Frameworks";
				IPHONEOS_DEPLOYMENT_TARGET = 16.0;
				LD_RUNPATH_SEARCH_PATHS = (
					"$(inherited)",
					"@executable_path/Frameworks",
					"@loader_path/Frameworks",
				);
				MARKETING_VERSION = 1.0;
				MODULE_VERIFIER_SUPPORTED_LANGUAGES = "objective-c objective-c++";
				MODULE_VERIFIER_SUPPORTED_LANGUAGE_STANDARDS = "gnu17 gnu++20";
				PRODUCT_BUNDLE_IDENTIFIER = com.joaoflores.GistList;
				PRODUCT_NAME = "$(TARGET_NAME:c99extidentifier)";
				SKIP_INSTALL = YES;
				SWIFT_EMIT_LOC_STRINGS = YES;
				SWIFT_VERSION = 5.0;
				TARGETED_DEVICE_FAMILY = "1,2";
			};
			name = Debug;
		};
		73505C1A2C02D2B40062FC5F /* Release */ = {
			isa = XCBuildConfiguration;
			baseConfigurationReference = DE7812288EAECAAA1D3B3FFD /* Pods-GistList.release.xcconfig */;
			buildSettings = {
				CODE_SIGN_STYLE = Automatic;
				CURRENT_PROJECT_VERSION = 1;
				DEFINES_MODULE = YES;
				DEVELOPMENT_TEAM = NZC6LC8NWM;
				DYLIB_COMPATIBILITY_VERSION = 1;
				DYLIB_CURRENT_VERSION = 1;
				DYLIB_INSTALL_NAME_BASE = "@rpath";
				ENABLE_MODULE_VERIFIER = YES;
				GENERATE_INFOPLIST_FILE = YES;
				INFOPLIST_KEY_NSHumanReadableCopyright = "";
				INSTALL_PATH = "$(LOCAL_LIBRARY_DIR)/Frameworks";
				IPHONEOS_DEPLOYMENT_TARGET = 16.0;
				LD_RUNPATH_SEARCH_PATHS = (
					"$(inherited)",
					"@executable_path/Frameworks",
					"@loader_path/Frameworks",
				);
				MARKETING_VERSION = 1.0;
				MODULE_VERIFIER_SUPPORTED_LANGUAGES = "objective-c objective-c++";
				MODULE_VERIFIER_SUPPORTED_LANGUAGE_STANDARDS = "gnu17 gnu++20";
				PRODUCT_BUNDLE_IDENTIFIER = com.joaoflores.GistList;
				PRODUCT_NAME = "$(TARGET_NAME:c99extidentifier)";
				SKIP_INSTALL = YES;
				SWIFT_EMIT_LOC_STRINGS = YES;
				SWIFT_VERSION = 5.0;
				TARGETED_DEVICE_FAMILY = "1,2";
			};
			name = Release;
		};
		73505C1C2C02D2B40062FC5F /* Debug */ = {
			isa = XCBuildConfiguration;
			buildSettings = {
				CODE_SIGN_STYLE = Automatic;
				CURRENT_PROJECT_VERSION = 1;
				DEVELOPMENT_TEAM = NZC6LC8NWM;
				GENERATE_INFOPLIST_FILE = YES;
				IPHONEOS_DEPLOYMENT_TARGET = 16.0;
				MARKETING_VERSION = 1.0;
				PRODUCT_BUNDLE_IDENTIFIER = com.joaoflores.GistListTests;
				PRODUCT_NAME = "$(TARGET_NAME)";
				SWIFT_EMIT_LOC_STRINGS = NO;
				SWIFT_VERSION = 5.0;
				TARGETED_DEVICE_FAMILY = "1,2";
			};
			name = Debug;
		};
		73505C1D2C02D2B40062FC5F /* Release */ = {
			isa = XCBuildConfiguration;
			buildSettings = {
				CODE_SIGN_STYLE = Automatic;
				CURRENT_PROJECT_VERSION = 1;
				DEVELOPMENT_TEAM = NZC6LC8NWM;
				GENERATE_INFOPLIST_FILE = YES;
				IPHONEOS_DEPLOYMENT_TARGET = 16.0;
				MARKETING_VERSION = 1.0;
				PRODUCT_BUNDLE_IDENTIFIER = com.joaoflores.GistListTests;
				PRODUCT_NAME = "$(TARGET_NAME)";
				SWIFT_EMIT_LOC_STRINGS = NO;
				SWIFT_VERSION = 5.0;
				TARGETED_DEVICE_FAMILY = "1,2";
			};
			name = Release;
		};
/* End XCBuildConfiguration section */

/* Begin XCConfigurationList section */
		73505C002C02D2B30062FC5F /* Build configuration list for PBXProject "GistList" */ = {
			isa = XCConfigurationList;
			buildConfigurations = (
				73505C162C02D2B40062FC5F /* Debug */,
				73505C172C02D2B40062FC5F /* Release */,
			);
			defaultConfigurationIsVisible = 0;
			defaultConfigurationName = Release;
		};
		73505C182C02D2B40062FC5F /* Build configuration list for PBXNativeTarget "GistList" */ = {
			isa = XCConfigurationList;
			buildConfigurations = (
				73505C192C02D2B40062FC5F /* Debug */,
				73505C1A2C02D2B40062FC5F /* Release */,
			);
			defaultConfigurationIsVisible = 0;
			defaultConfigurationName = Release;
		};
		73505C1B2C02D2B40062FC5F /* Build configuration list for PBXNativeTarget "GistListTests" */ = {
			isa = XCConfigurationList;
			buildConfigurations = (
				73505C1C2C02D2B40062FC5F /* Debug */,
				73505C1D2C02D2B40062FC5F /* Release */,
			);
			defaultConfigurationIsVisible = 0;
			defaultConfigurationName = Release;
		};
/* End XCConfigurationList section */
	};
	rootObject = 73505BFD2C02D2B30062FC5F /* Project object */;
}
