// !$*UTF8*$!
{
	archiveVersion = 1;
	classes = {
	};
	objectVersion = 56;
	objects = {

/* Begin PBXBuildFile section */
		1C31CE4876B387DEE7734408 /* Pods_GistList.framework in Frameworks */ = {isa = PBXBuildFile; fileRef = 1864BD2206BCB7CE76D5C2CB /* Pods_GistList.framework */; };
		737AA45C2BFFBEF100274B72 /* GistList.framework in Frameworks */ = {isa = PBXBuildFile; fileRef = 737AA4532BFFBEF100274B72 /* GistList.framework */; };
		737AA4612BFFBEF100274B72 /* GistListTests.swift in Sources */ = {isa = PBXBuildFile; fileRef = 737AA4602BFFBEF100274B72 /* GistListTests.swift */; };
		737AA4622BFFBEF100274B72 /* GistList.h in Headers */ = {isa = PBXBuildFile; fileRef = 737AA4562BFFBEF100274B72 /* GistList.h */; settings = {ATTRIBUTES = (Public, ); }; };
		737AA4782BFFC1B300274B72 /* GistDetailsCoordinator.swift in Sources */ = {isa = PBXBuildFile; fileRef = 737AA4732BFFC1B300274B72 /* GistDetailsCoordinator.swift */; };
		737AA4792BFFC1B300274B72 /* GistDetailsService.swift in Sources */ = {isa = PBXBuildFile; fileRef = 737AA4742BFFC1B300274B72 /* GistDetailsService.swift */; };
		737AA47A2BFFC1B300274B72 /* GistDetailsPresenter.swift in Sources */ = {isa = PBXBuildFile; fileRef = 737AA4752BFFC1B300274B72 /* GistDetailsPresenter.swift */; };
		737AA47B2BFFC1B300274B72 /* GistDetailsViewController.swift in Sources */ = {isa = PBXBuildFile; fileRef = 737AA4762BFFC1B300274B72 /* GistDetailsViewController.swift */; };
		737AA47C2BFFC1B300274B72 /* GistDetailsInteractor.swift in Sources */ = {isa = PBXBuildFile; fileRef = 737AA4772BFFC1B300274B72 /* GistDetailsInteractor.swift */; };
		737AA47F2BFFC2F800274B72 /* GistModel.swift in Sources */ = {isa = PBXBuildFile; fileRef = 737AA47E2BFFC2F800274B72 /* GistModel.swift */; };
		737AA4812BFFC3DD00274B72 /* GistOwnerModel.swift in Sources */ = {isa = PBXBuildFile; fileRef = 737AA4802BFFC3DD00274B72 /* GistOwnerModel.swift */; };
		737AA4832BFFC41200274B72 /* GistFileModel.swift in Sources */ = {isa = PBXBuildFile; fileRef = 737AA4822BFFC41200274B72 /* GistFileModel.swift */; };
		737AA4842BFFC6AB00274B72 /* GistListViewController.swift in Sources */ = {isa = PBXBuildFile; fileRef = 737AA4722BFFC16500274B72 /* GistListViewController.swift */; };
		737AA4852BFFC6AE00274B72 /* GistListService.swift in Sources */ = {isa = PBXBuildFile; fileRef = 737AA4712BFFC16500274B72 /* GistListService.swift */; };
		737AA4862BFFC6B000274B72 /* GistListPresenter.swift in Sources */ = {isa = PBXBuildFile; fileRef = 737AA46E2BFFC16400274B72 /* GistListPresenter.swift */; };
		737AA4872BFFC6B300274B72 /* GistListInteractor.swift in Sources */ = {isa = PBXBuildFile; fileRef = 737AA4702BFFC16500274B72 /* GistListInteractor.swift */; };
		737AA4882BFFC6B700274B72 /* GistListCoordinator.swift in Sources */ = {isa = PBXBuildFile; fileRef = 737AA46F2BFFC16500274B72 /* GistListCoordinator.swift */; };
		737AA48B2BFFD37300274B72 /* GistCell.swift in Sources */ = {isa = PBXBuildFile; fileRef = 737AA48A2BFFD37300274B72 /* GistCell.swift */; };
/* End PBXBuildFile section */

/* Begin PBXContainerItemProxy section */
		737AA45D2BFFBEF100274B72 /* PBXContainerItemProxy */ = {
			isa = PBXContainerItemProxy;
			containerPortal = 737AA44A2BFFBEF100274B72 /* Project object */;
			proxyType = 1;
			remoteGlobalIDString = 737AA4522BFFBEF100274B72;
			remoteInfo = GistList;
		};
/* End PBXContainerItemProxy section */

/* Begin PBXFileReference section */
		1864BD2206BCB7CE76D5C2CB /* Pods_GistList.framework */ = {isa = PBXFileReference; explicitFileType = wrapper.framework; includeInIndex = 0; path = Pods_GistList.framework; sourceTree = BUILT_PRODUCTS_DIR; };
		29B2765B2F330CD7F02B2E84 /* Pods-GistList.release.xcconfig */ = {isa = PBXFileReference; includeInIndex = 1; lastKnownFileType = text.xcconfig; name = "Pods-GistList.release.xcconfig"; path = "Target Support Files/Pods-GistList/Pods-GistList.release.xcconfig"; sourceTree = "<group>"; };
		737AA4532BFFBEF100274B72 /* GistList.framework */ = {isa = PBXFileReference; explicitFileType = wrapper.framework; includeInIndex = 0; path = GistList.framework; sourceTree = BUILT_PRODUCTS_DIR; };
		737AA4562BFFBEF100274B72 /* GistList.h */ = {isa = PBXFileReference; lastKnownFileType = sourcecode.c.h; path = GistList.h; sourceTree = "<group>"; };
		737AA45B2BFFBEF100274B72 /* GistListTests.xctest */ = {isa = PBXFileReference; explicitFileType = wrapper.cfbundle; includeInIndex = 0; path = GistListTests.xctest; sourceTree = BUILT_PRODUCTS_DIR; };
		737AA4602BFFBEF100274B72 /* GistListTests.swift */ = {isa = PBXFileReference; lastKnownFileType = sourcecode.swift; path = GistListTests.swift; sourceTree = "<group>"; };
		737AA46E2BFFC16400274B72 /* GistListPresenter.swift */ = {isa = PBXFileReference; lastKnownFileType = sourcecode.swift; path = GistListPresenter.swift; sourceTree = "<group>"; };
		737AA46F2BFFC16500274B72 /* GistListCoordinator.swift */ = {isa = PBXFileReference; lastKnownFileType = sourcecode.swift; path = GistListCoordinator.swift; sourceTree = "<group>"; };
		737AA4702BFFC16500274B72 /* GistListInteractor.swift */ = {isa = PBXFileReference; lastKnownFileType = sourcecode.swift; path = GistListInteractor.swift; sourceTree = "<group>"; };
		737AA4712BFFC16500274B72 /* GistListService.swift */ = {isa = PBXFileReference; lastKnownFileType = sourcecode.swift; path = GistListService.swift; sourceTree = "<group>"; };
		737AA4722BFFC16500274B72 /* GistListViewController.swift */ = {isa = PBXFileReference; lastKnownFileType = sourcecode.swift; path = GistListViewController.swift; sourceTree = "<group>"; };
		737AA4732BFFC1B300274B72 /* GistDetailsCoordinator.swift */ = {isa = PBXFileReference; fileEncoding = 4; lastKnownFileType = sourcecode.swift; path = GistDetailsCoordinator.swift; sourceTree = "<group>"; };
		737AA4742BFFC1B300274B72 /* GistDetailsService.swift */ = {isa = PBXFileReference; fileEncoding = 4; lastKnownFileType = sourcecode.swift; path = GistDetailsService.swift; sourceTree = "<group>"; };
		737AA4752BFFC1B300274B72 /* GistDetailsPresenter.swift */ = {isa = PBXFileReference; fileEncoding = 4; lastKnownFileType = sourcecode.swift; path = GistDetailsPresenter.swift; sourceTree = "<group>"; };
		737AA4762BFFC1B300274B72 /* GistDetailsViewController.swift */ = {isa = PBXFileReference; fileEncoding = 4; lastKnownFileType = sourcecode.swift; path = GistDetailsViewController.swift; sourceTree = "<group>"; };
		737AA4772BFFC1B300274B72 /* GistDetailsInteractor.swift */ = {isa = PBXFileReference; fileEncoding = 4; lastKnownFileType = sourcecode.swift; path = GistDetailsInteractor.swift; sourceTree = "<group>"; };
		737AA47E2BFFC2F800274B72 /* GistModel.swift */ = {isa = PBXFileReference; lastKnownFileType = sourcecode.swift; path = GistModel.swift; sourceTree = "<group>"; };
		737AA4802BFFC3DD00274B72 /* GistOwnerModel.swift */ = {isa = PBXFileReference; lastKnownFileType = sourcecode.swift; path = GistOwnerModel.swift; sourceTree = "<group>"; };
		737AA4822BFFC41200274B72 /* GistFileModel.swift */ = {isa = PBXFileReference; lastKnownFileType = sourcecode.swift; path = GistFileModel.swift; sourceTree = "<group>"; };
		737AA48A2BFFD37300274B72 /* GistCell.swift */ = {isa = PBXFileReference; lastKnownFileType = sourcecode.swift; path = GistCell.swift; sourceTree = "<group>"; };
		737AA49B2BFFD46000274B72 /* SnapKit.framework */ = {isa = PBXFileReference; explicitFileType = wrapper.framework; path = SnapKit.framework; sourceTree = BUILT_PRODUCTS_DIR; };
		BBD43F05562A4959169C42F9 /* Pods-GistList.debug.xcconfig */ = {isa = PBXFileReference; includeInIndex = 1; lastKnownFileType = text.xcconfig; name = "Pods-GistList.debug.xcconfig"; path = "Target Support Files/Pods-GistList/Pods-GistList.debug.xcconfig"; sourceTree = "<group>"; };
/* End PBXFileReference section */

/* Begin PBXFrameworksBuildPhase section */
		737AA4502BFFBEF100274B72 /* Frameworks */ = {
			isa = PBXFrameworksBuildPhase;
			buildActionMask = 2147483647;
			files = (
				1C31CE4876B387DEE7734408 /* Pods_GistList.framework in Frameworks */,
			);
			runOnlyForDeploymentPostprocessing = 0;
		};
		737AA4582BFFBEF100274B72 /* Frameworks */ = {
			isa = PBXFrameworksBuildPhase;
			buildActionMask = 2147483647;
			files = (
				737AA45C2BFFBEF100274B72 /* GistList.framework in Frameworks */,
			);
			runOnlyForDeploymentPostprocessing = 0;
		};
/* End PBXFrameworksBuildPhase section */

/* Begin PBXGroup section */
		737AA4492BFFBEF100274B72 = {
			isa = PBXGroup;
			children = (
				737AA4552BFFBEF100274B72 /* GistList */,
				737AA45F2BFFBEF100274B72 /* GistListTests */,
				737AA4542BFFBEF100274B72 /* Products */,
				737AA49A2BFFD46000274B72 /* Frameworks */,
				C33514EF606406A2A81E5A33 /* Pods */,
			);
			sourceTree = "<group>";
		};
		737AA4542BFFBEF100274B72 /* Products */ = {
			isa = PBXGroup;
			children = (
				737AA4532BFFBEF100274B72 /* GistList.framework */,
				737AA45B2BFFBEF100274B72 /* GistListTests.xctest */,
			);
			name = Products;
			sourceTree = "<group>";
		};
		737AA4552BFFBEF100274B72 /* GistList */ = {
			isa = PBXGroup;
			children = (
				737AA4562BFFBEF100274B72 /* GistList.h */,
				737AA47D2BFFC2A700274B72 /* Models */,
				737AA46B2BFFBFCD00274B72 /* Scenes */,
			);
			path = GistList;
			sourceTree = "<group>";
		};
		737AA45F2BFFBEF100274B72 /* GistListTests */ = {
			isa = PBXGroup;
			children = (
				737AA4602BFFBEF100274B72 /* GistListTests.swift */,
			);
			path = GistListTests;
			sourceTree = "<group>";
		};
		737AA46B2BFFBFCD00274B72 /* Scenes */ = {
			isa = PBXGroup;
			children = (
				737AA46D2BFFBFEE00274B72 /* GistDetails */,
				737AA46C2BFFBFD500274B72 /* GistList */,
			);
			path = Scenes;
			sourceTree = "<group>";
		};
		737AA46C2BFFBFD500274B72 /* GistList */ = {
			isa = PBXGroup;
			children = (
				737AA46F2BFFC16500274B72 /* GistListCoordinator.swift */,
				737AA4702BFFC16500274B72 /* GistListInteractor.swift */,
				737AA46E2BFFC16400274B72 /* GistListPresenter.swift */,
				737AA4712BFFC16500274B72 /* GistListService.swift */,
				737AA4722BFFC16500274B72 /* GistListViewController.swift */,
				737AA4892BFFD34500274B72 /* Views */,
			);
			path = GistList;
			sourceTree = "<group>";
		};
		737AA46D2BFFBFEE00274B72 /* GistDetails */ = {
			isa = PBXGroup;
			children = (
				737AA4732BFFC1B300274B72 /* GistDetailsCoordinator.swift */,
				737AA4772BFFC1B300274B72 /* GistDetailsInteractor.swift */,
				737AA4752BFFC1B300274B72 /* GistDetailsPresenter.swift */,
				737AA4742BFFC1B300274B72 /* GistDetailsService.swift */,
				737AA4762BFFC1B300274B72 /* GistDetailsViewController.swift */,
			);
			path = GistDetails;
			sourceTree = "<group>";
		};
		737AA47D2BFFC2A700274B72 /* Models */ = {
			isa = PBXGroup;
			children = (
				737AA47E2BFFC2F800274B72 /* GistModel.swift */,
				737AA4802BFFC3DD00274B72 /* GistOwnerModel.swift */,
				737AA4822BFFC41200274B72 /* GistFileModel.swift */,
			);
			path = Models;
			sourceTree = "<group>";
		};
		737AA4892BFFD34500274B72 /* Views */ = {
			isa = PBXGroup;
			children = (
				737AA48A2BFFD37300274B72 /* GistCell.swift */,
			);
			path = Views;
			sourceTree = "<group>";
		};
		737AA49A2BFFD46000274B72 /* Frameworks */ = {
			isa = PBXGroup;
			children = (
				737AA49B2BFFD46000274B72 /* SnapKit.framework */,
				1864BD2206BCB7CE76D5C2CB /* Pods_GistList.framework */,
			);
			name = Frameworks;
			sourceTree = "<group>";
		};
		C33514EF606406A2A81E5A33 /* Pods */ = {
			isa = PBXGroup;
			children = (
				BBD43F05562A4959169C42F9 /* Pods-GistList.debug.xcconfig */,
				29B2765B2F330CD7F02B2E84 /* Pods-GistList.release.xcconfig */,
			);
			name = Pods;
			path = ../../Pods;
			sourceTree = "<group>";
		};
/* End PBXGroup section */

/* Begin PBXHeadersBuildPhase section */
		737AA44E2BFFBEF100274B72 /* Headers */ = {
			isa = PBXHeadersBuildPhase;
			buildActionMask = 2147483647;
			files = (
				737AA4622BFFBEF100274B72 /* GistList.h in Headers */,
			);
			runOnlyForDeploymentPostprocessing = 0;
		};
/* End PBXHeadersBuildPhase section */

/* Begin PBXNativeTarget section */
		737AA4522BFFBEF100274B72 /* GistList */ = {
			isa = PBXNativeTarget;
			buildConfigurationList = 737AA4652BFFBEF100274B72 /* Build configuration list for PBXNativeTarget "GistList" */;
			buildPhases = (
				CC743C11AC5B73E25FCC4B15 /* [CP] Check Pods Manifest.lock */,
				737AA44E2BFFBEF100274B72 /* Headers */,
				737AA44F2BFFBEF100274B72 /* Sources */,
				737AA4502BFFBEF100274B72 /* Frameworks */,
				737AA4512BFFBEF100274B72 /* Resources */,
			);
			buildRules = (
			);
			dependencies = (
			);
			name = GistList;
			productName = GistList;
			productReference = 737AA4532BFFBEF100274B72 /* GistList.framework */;
			productType = "com.apple.product-type.framework";
		};
		737AA45A2BFFBEF100274B72 /* GistListTests */ = {
			isa = PBXNativeTarget;
			buildConfigurationList = 737AA4682BFFBEF100274B72 /* Build configuration list for PBXNativeTarget "GistListTests" */;
			buildPhases = (
				737AA4572BFFBEF100274B72 /* Sources */,
				737AA4582BFFBEF100274B72 /* Frameworks */,
				737AA4592BFFBEF100274B72 /* Resources */,
			);
			buildRules = (
			);
			dependencies = (
				737AA45E2BFFBEF100274B72 /* PBXTargetDependency */,
			);
			name = GistListTests;
			productName = GistListTests;
			productReference = 737AA45B2BFFBEF100274B72 /* GistListTests.xctest */;
			productType = "com.apple.product-type.bundle.unit-test";
		};
/* End PBXNativeTarget section */

/* Begin PBXProject section */
		737AA44A2BFFBEF100274B72 /* Project object */ = {
			isa = PBXProject;
			attributes = {
				BuildIndependentTargetsInParallel = 1;
				LastSwiftUpdateCheck = 1500;
				LastUpgradeCheck = 1500;
				TargetAttributes = {
					737AA4522BFFBEF100274B72 = {
						CreatedOnToolsVersion = 15.0;
						LastSwiftMigration = 1500;
					};
					737AA45A2BFFBEF100274B72 = {
						CreatedOnToolsVersion = 15.0;
					};
				};
			};
			buildConfigurationList = 737AA44D2BFFBEF100274B72 /* Build configuration list for PBXProject "GistList" */;
			compatibilityVersion = "Xcode 14.0";
			developmentRegion = en;
			hasScannedForEncodings = 0;
			knownRegions = (
				en,
				Base,
			);
			mainGroup = 737AA4492BFFBEF100274B72;
			productRefGroup = 737AA4542BFFBEF100274B72 /* Products */;
			projectDirPath = "";
			projectRoot = "";
			targets = (
				737AA4522BFFBEF100274B72 /* GistList */,
				737AA45A2BFFBEF100274B72 /* GistListTests */,
			);
		};
/* End PBXProject section */

/* Begin PBXResourcesBuildPhase section */
		737AA4512BFFBEF100274B72 /* Resources */ = {
			isa = PBXResourcesBuildPhase;
			buildActionMask = 2147483647;
			files = (
			);
			runOnlyForDeploymentPostprocessing = 0;
		};
		737AA4592BFFBEF100274B72 /* Resources */ = {
			isa = PBXResourcesBuildPhase;
			buildActionMask = 2147483647;
			files = (
			);
			runOnlyForDeploymentPostprocessing = 0;
		};
/* End PBXResourcesBuildPhase section */

/* Begin PBXShellScriptBuildPhase section */
		CC743C11AC5B73E25FCC4B15 /* [CP] Check Pods Manifest.lock */ = {
			isa = PBXShellScriptBuildPhase;
			buildActionMask = 2147483647;
			files = (
			);
			inputFileListPaths = (
			);
			inputPaths = (
				"${PODS_PODFILE_DIR_PATH}/Podfile.lock",
				"${PODS_ROOT}/Manifest.lock",
			);
			name = "[CP] Check Pods Manifest.lock";
			outputFileListPaths = (
			);
			outputPaths = (
				"$(DERIVED_FILE_DIR)/Pods-GistList-checkManifestLockResult.txt",
			);
			runOnlyForDeploymentPostprocessing = 0;
			shellPath = /bin/sh;
			shellScript = "diff \"${PODS_PODFILE_DIR_PATH}/Podfile.lock\" \"${PODS_ROOT}/Manifest.lock\" > /dev/null\nif [ $? != 0 ] ; then\n    # print error to STDERR\n    echo \"error: The sandbox is not in sync with the Podfile.lock. Run 'pod install' or update your CocoaPods installation.\" >&2\n    exit 1\nfi\n# This output is used by Xcode 'outputs' to avoid re-running this script phase.\necho \"SUCCESS\" > \"${SCRIPT_OUTPUT_FILE_0}\"\n";
			showEnvVarsInLog = 0;
		};
/* End PBXShellScriptBuildPhase section */

/* Begin PBXSourcesBuildPhase section */
		737AA44F2BFFBEF100274B72 /* Sources */ = {
			isa = PBXSourcesBuildPhase;
			buildActionMask = 2147483647;
			files = (
				737AA48B2BFFD37300274B72 /* GistCell.swift in Sources */,
				737AA47F2BFFC2F800274B72 /* GistModel.swift in Sources */,
				737AA4812BFFC3DD00274B72 /* GistOwnerModel.swift in Sources */,
				737AA4862BFFC6B000274B72 /* GistListPresenter.swift in Sources */,
				737AA4842BFFC6AB00274B72 /* GistListViewController.swift in Sources */,
				737AA47C2BFFC1B300274B72 /* GistDetailsInteractor.swift in Sources */,
				737AA4872BFFC6B300274B72 /* GistListInteractor.swift in Sources */,
				737AA47A2BFFC1B300274B72 /* GistDetailsPresenter.swift in Sources */,
				737AA4782BFFC1B300274B72 /* GistDetailsCoordinator.swift in Sources */,
				737AA4852BFFC6AE00274B72 /* GistListService.swift in Sources */,
				737AA47B2BFFC1B300274B72 /* GistDetailsViewController.swift in Sources */,
				737AA4832BFFC41200274B72 /* GistFileModel.swift in Sources */,
				737AA4882BFFC6B700274B72 /* GistListCoordinator.swift in Sources */,
				737AA4792BFFC1B300274B72 /* GistDetailsService.swift in Sources */,
			);
			runOnlyForDeploymentPostprocessing = 0;
		};
		737AA4572BFFBEF100274B72 /* Sources */ = {
			isa = PBXSourcesBuildPhase;
			buildActionMask = 2147483647;
			files = (
				737AA4612BFFBEF100274B72 /* GistListTests.swift in Sources */,
			);
			runOnlyForDeploymentPostprocessing = 0;
		};
/* End PBXSourcesBuildPhase section */

/* Begin PBXTargetDependency section */
		737AA45E2BFFBEF100274B72 /* PBXTargetDependency */ = {
			isa = PBXTargetDependency;
			target = 737AA4522BFFBEF100274B72 /* GistList */;
			targetProxy = 737AA45D2BFFBEF100274B72 /* PBXContainerItemProxy */;
		};
/* End PBXTargetDependency section */

/* Begin XCBuildConfiguration section */
		737AA4632BFFBEF100274B72 /* Debug */ = {
			isa = XCBuildConfiguration;
			buildSettings = {
				ALWAYS_SEARCH_USER_PATHS = NO;
				ASSETCATALOG_COMPILER_GENERATE_SWIFT_ASSET_SYMBOL_EXTENSIONS = YES;
				CLANG_ANALYZER_NONNULL = YES;
				CLANG_ANALYZER_NUMBER_OBJECT_CONVERSION = YES_AGGRESSIVE;
				CLANG_CXX_LANGUAGE_STANDARD = "gnu++20";
				CLANG_ENABLE_MODULES = YES;
				CLANG_ENABLE_OBJC_ARC = YES;
				CLANG_ENABLE_OBJC_WEAK = YES;
				CLANG_WARN_BLOCK_CAPTURE_AUTORELEASING = YES;
				CLANG_WARN_BOOL_CONVERSION = YES;
				CLANG_WARN_COMMA = YES;
				CLANG_WARN_CONSTANT_CONVERSION = YES;
				CLANG_WARN_DEPRECATED_OBJC_IMPLEMENTATIONS = YES;
				CLANG_WARN_DIRECT_OBJC_ISA_USAGE = YES_ERROR;
				CLANG_WARN_DOCUMENTATION_COMMENTS = YES;
				CLANG_WARN_EMPTY_BODY = YES;
				CLANG_WARN_ENUM_CONVERSION = YES;
				CLANG_WARN_INFINITE_RECURSION = YES;
				CLANG_WARN_INT_CONVERSION = YES;
				CLANG_WARN_NON_LITERAL_NULL_CONVERSION = YES;
				CLANG_WARN_OBJC_IMPLICIT_RETAIN_SELF = YES;
				CLANG_WARN_OBJC_LITERAL_CONVERSION = YES;
				CLANG_WARN_OBJC_ROOT_CLASS = YES_ERROR;
				CLANG_WARN_QUOTED_INCLUDE_IN_FRAMEWORK_HEADER = YES;
				CLANG_WARN_RANGE_LOOP_ANALYSIS = YES;
				CLANG_WARN_STRICT_PROTOTYPES = YES;
				CLANG_WARN_SUSPICIOUS_MOVE = YES;
				CLANG_WARN_UNGUARDED_AVAILABILITY = YES_AGGRESSIVE;
				CLANG_WARN_UNREACHABLE_CODE = YES;
				CLANG_WARN__DUPLICATE_METHOD_MATCH = YES;
				COPY_PHASE_STRIP = NO;
				CURRENT_PROJECT_VERSION = 1;
				DEBUG_INFORMATION_FORMAT = dwarf;
				ENABLE_STRICT_OBJC_MSGSEND = YES;
				ENABLE_TESTABILITY = YES;
				ENABLE_USER_SCRIPT_SANDBOXING = YES;
				GCC_C_LANGUAGE_STANDARD = gnu17;
				GCC_DYNAMIC_NO_PIC = NO;
				GCC_NO_COMMON_BLOCKS = YES;
				GCC_OPTIMIZATION_LEVEL = 0;
				GCC_PREPROCESSOR_DEFINITIONS = (
					"DEBUG=1",
					"$(inherited)",
				);
				GCC_WARN_64_TO_32_BIT_CONVERSION = YES;
				GCC_WARN_ABOUT_RETURN_TYPE = YES_ERROR;
				GCC_WARN_UNDECLARED_SELECTOR = YES;
				GCC_WARN_UNINITIALIZED_AUTOS = YES_AGGRESSIVE;
				GCC_WARN_UNUSED_FUNCTION = YES;
				GCC_WARN_UNUSED_VARIABLE = YES;
				IPHONEOS_DEPLOYMENT_TARGET = 17.0;
				LOCALIZATION_PREFERS_STRING_CATALOGS = YES;
				MTL_ENABLE_DEBUG_INFO = INCLUDE_SOURCE;
				MTL_FAST_MATH = YES;
				ONLY_ACTIVE_ARCH = YES;
				SDKROOT = iphoneos;
				SWIFT_ACTIVE_COMPILATION_CONDITIONS = "DEBUG $(inherited)";
				SWIFT_OPTIMIZATION_LEVEL = "-Onone";
				VERSIONING_SYSTEM = "apple-generic";
				VERSION_INFO_PREFIX = "";
			};
			name = Debug;
		};
		737AA4642BFFBEF100274B72 /* Release */ = {
			isa = XCBuildConfiguration;
			buildSettings = {
				ALWAYS_SEARCH_USER_PATHS = NO;
				ASSETCATALOG_COMPILER_GENERATE_SWIFT_ASSET_SYMBOL_EXTENSIONS = YES;
				CLANG_ANALYZER_NONNULL = YES;
				CLANG_ANALYZER_NUMBER_OBJECT_CONVERSION = YES_AGGRESSIVE;
				CLANG_CXX_LANGUAGE_STANDARD = "gnu++20";
				CLANG_ENABLE_MODULES = YES;
				CLANG_ENABLE_OBJC_ARC = YES;
				CLANG_ENABLE_OBJC_WEAK = YES;
				CLANG_WARN_BLOCK_CAPTURE_AUTORELEASING = YES;
				CLANG_WARN_BOOL_CONVERSION = YES;
				CLANG_WARN_COMMA = YES;
				CLANG_WARN_CONSTANT_CONVERSION = YES;
				CLANG_WARN_DEPRECATED_OBJC_IMPLEMENTATIONS = YES;
				CLANG_WARN_DIRECT_OBJC_ISA_USAGE = YES_ERROR;
				CLANG_WARN_DOCUMENTATION_COMMENTS = YES;
				CLANG_WARN_EMPTY_BODY = YES;
				CLANG_WARN_ENUM_CONVERSION = YES;
				CLANG_WARN_INFINITE_RECURSION = YES;
				CLANG_WARN_INT_CONVERSION = YES;
				CLANG_WARN_NON_LITERAL_NULL_CONVERSION = YES;
				CLANG_WARN_OBJC_IMPLICIT_RETAIN_SELF = YES;
				CLANG_WARN_OBJC_LITERAL_CONVERSION = YES;
				CLANG_WARN_OBJC_ROOT_CLASS = YES_ERROR;
				CLANG_WARN_QUOTED_INCLUDE_IN_FRAMEWORK_HEADER = YES;
				CLANG_WARN_RANGE_LOOP_ANALYSIS = YES;
				CLANG_WARN_STRICT_PROTOTYPES = YES;
				CLANG_WARN_SUSPICIOUS_MOVE = YES;
				CLANG_WARN_UNGUARDED_AVAILABILITY = YES_AGGRESSIVE;
				CLANG_WARN_UNREACHABLE_CODE = YES;
				CLANG_WARN__DUPLICATE_METHOD_MATCH = YES;
				COPY_PHASE_STRIP = NO;
				CURRENT_PROJECT_VERSION = 1;
				DEBUG_INFORMATION_FORMAT = "dwarf-with-dsym";
				ENABLE_NS_ASSERTIONS = NO;
				ENABLE_STRICT_OBJC_MSGSEND = YES;
				ENABLE_USER_SCRIPT_SANDBOXING = YES;
				GCC_C_LANGUAGE_STANDARD = gnu17;
				GCC_NO_COMMON_BLOCKS = YES;
				GCC_WARN_64_TO_32_BIT_CONVERSION = YES;
				GCC_WARN_ABOUT_RETURN_TYPE = YES_ERROR;
				GCC_WARN_UNDECLARED_SELECTOR = YES;
				GCC_WARN_UNINITIALIZED_AUTOS = YES_AGGRESSIVE;
				GCC_WARN_UNUSED_FUNCTION = YES;
				GCC_WARN_UNUSED_VARIABLE = YES;
				IPHONEOS_DEPLOYMENT_TARGET = 17.0;
				LOCALIZATION_PREFERS_STRING_CATALOGS = YES;
				MTL_ENABLE_DEBUG_INFO = NO;
				MTL_FAST_MATH = YES;
				SDKROOT = iphoneos;
				SWIFT_COMPILATION_MODE = wholemodule;
				VALIDATE_PRODUCT = YES;
				VERSIONING_SYSTEM = "apple-generic";
				VERSION_INFO_PREFIX = "";
			};
			name = Release;
		};
		737AA4662BFFBEF100274B72 /* Debug */ = {
			isa = XCBuildConfiguration;
			baseConfigurationReference = BBD43F05562A4959169C42F9 /* Pods-GistList.debug.xcconfig */;
			buildSettings = {
				CLANG_ENABLE_MODULES = YES;
				CODE_SIGN_STYLE = Automatic;
				CURRENT_PROJECT_VERSION = 1;
				DEFINES_MODULE = YES;
				DEVELOPMENT_TEAM = NZC6LC8NWM;
				DYLIB_COMPATIBILITY_VERSION = 1;
				DYLIB_CURRENT_VERSION = 1;
				DYLIB_INSTALL_NAME_BASE = "@rpath";
				ENABLE_MODULE_VERIFIER = YES;
				GENERATE_INFOPLIST_FILE = YES;
				INFOPLIST_KEY_NSHumanReadableCopyright = "";
				INSTALL_PATH = "$(LOCAL_LIBRARY_DIR)/Frameworks";
				LD_RUNPATH_SEARCH_PATHS = (
					"$(inherited)",
					"@executable_path/Frameworks",
					"@loader_path/Frameworks",
				);
				MARKETING_VERSION = 1.0;
				MODULE_VERIFIER_SUPPORTED_LANGUAGES = "objective-c objective-c++";
				MODULE_VERIFIER_SUPPORTED_LANGUAGE_STANDARDS = "gnu17 gnu++20";
				PRODUCT_BUNDLE_IDENTIFIER = com.joaoflores.GistList;
				PRODUCT_NAME = "$(TARGET_NAME:c99extidentifier)";
				SKIP_INSTALL = YES;
				SWIFT_EMIT_LOC_STRINGS = YES;
				SWIFT_OPTIMIZATION_LEVEL = "-Onone";
				SWIFT_VERSION = 5.0;
				TARGETED_DEVICE_FAMILY = "1,2";
			};
			name = Debug;
		};
		737AA4672BFFBEF100274B72 /* Release */ = {
			isa = XCBuildConfiguration;
			baseConfigurationReference = 29B2765B2F330CD7F02B2E84 /* Pods-GistList.release.xcconfig */;
			buildSettings = {
				CLANG_ENABLE_MODULES = YES;
				CODE_SIGN_STYLE = Automatic;
				CURRENT_PROJECT_VERSION = 1;
				DEFINES_MODULE = YES;
				DEVELOPMENT_TEAM = NZC6LC8NWM;
				DYLIB_COMPATIBILITY_VERSION = 1;
				DYLIB_CURRENT_VERSION = 1;
				DYLIB_INSTALL_NAME_BASE = "@rpath";
				ENABLE_MODULE_VERIFIER = YES;
				GENERATE_INFOPLIST_FILE = YES;
				INFOPLIST_KEY_NSHumanReadableCopyright = "";
				INSTALL_PATH = "$(LOCAL_LIBRARY_DIR)/Frameworks";
				LD_RUNPATH_SEARCH_PATHS = (
					"$(inherited)",
					"@executable_path/Frameworks",
					"@loader_path/Frameworks",
				);
				MARKETING_VERSION = 1.0;
				MODULE_VERIFIER_SUPPORTED_LANGUAGES = "objective-c objective-c++";
				MODULE_VERIFIER_SUPPORTED_LANGUAGE_STANDARDS = "gnu17 gnu++20";
				PRODUCT_BUNDLE_IDENTIFIER = com.joaoflores.GistList;
				PRODUCT_NAME = "$(TARGET_NAME:c99extidentifier)";
				SKIP_INSTALL = YES;
				SWIFT_EMIT_LOC_STRINGS = YES;
				SWIFT_VERSION = 5.0;
				TARGETED_DEVICE_FAMILY = "1,2";
			};
			name = Release;
		};
		737AA4692BFFBEF100274B72 /* Debug */ = {
			isa = XCBuildConfiguration;
			buildSettings = {
				ALWAYS_EMBED_SWIFT_STANDARD_LIBRARIES = YES;
				CODE_SIGN_STYLE = Automatic;
				CURRENT_PROJECT_VERSION = 1;
				DEVELOPMENT_TEAM = NZC6LC8NWM;
				GENERATE_INFOPLIST_FILE = YES;
				MARKETING_VERSION = 1.0;
				PRODUCT_BUNDLE_IDENTIFIER = com.joaoflores.GistListTests;
				PRODUCT_NAME = "$(TARGET_NAME)";
				SWIFT_EMIT_LOC_STRINGS = NO;
				SWIFT_VERSION = 5.0;
				TARGETED_DEVICE_FAMILY = "1,2";
			};
			name = Debug;
		};
		737AA46A2BFFBEF100274B72 /* Release */ = {
			isa = XCBuildConfiguration;
			buildSettings = {
				ALWAYS_EMBED_SWIFT_STANDARD_LIBRARIES = YES;
				CODE_SIGN_STYLE = Automatic;
				CURRENT_PROJECT_VERSION = 1;
				DEVELOPMENT_TEAM = NZC6LC8NWM;
				GENERATE_INFOPLIST_FILE = YES;
				MARKETING_VERSION = 1.0;
				PRODUCT_BUNDLE_IDENTIFIER = com.joaoflores.GistListTests;
				PRODUCT_NAME = "$(TARGET_NAME)";
				SWIFT_EMIT_LOC_STRINGS = NO;
				SWIFT_VERSION = 5.0;
				TARGETED_DEVICE_FAMILY = "1,2";
			};
			name = Release;
		};
/* End XCBuildConfiguration section */

/* Begin XCConfigurationList section */
		737AA44D2BFFBEF100274B72 /* Build configuration list for PBXProject "GistList" */ = {
			isa = XCConfigurationList;
			buildConfigurations = (
				737AA4632BFFBEF100274B72 /* Debug */,
				737AA4642BFFBEF100274B72 /* Release */,
			);
			defaultConfigurationIsVisible = 0;
			defaultConfigurationName = Release;
		};
		737AA4652BFFBEF100274B72 /* Build configuration list for PBXNativeTarget "GistList" */ = {
			isa = XCConfigurationList;
			buildConfigurations = (
				737AA4662BFFBEF100274B72 /* Debug */,
				737AA4672BFFBEF100274B72 /* Release */,
			);
			defaultConfigurationIsVisible = 0;
			defaultConfigurationName = Release;
		};
		737AA4682BFFBEF100274B72 /* Build configuration list for PBXNativeTarget "GistListTests" */ = {
			isa = XCConfigurationList;
			buildConfigurations = (
				737AA4692BFFBEF100274B72 /* Debug */,
				737AA46A2BFFBEF100274B72 /* Release */,
			);
			defaultConfigurationIsVisible = 0;
			defaultConfigurationName = Release;
		};
/* End XCConfigurationList section */
	};
	rootObject = 737AA44A2BFFBEF100274B72 /* Project object */;
}
